// !$*UTF8*$!
{
	archiveVersion = 1;
	classes = {
	};
	objectVersion = 56;
	objects = {

/* Begin PBXBuildFile section */
		1B0DD374298557BF002FAB53 /* Kingfisher in Frameworks */ = {isa = PBXBuildFile; productRef = 1B0DD373298557BF002FAB53 /* Kingfisher */; };
		1B3CD7E7298282A5002EF9BF /* iPadCustomInputField.swift in Sources */ = {isa = PBXBuildFile; fileRef = 1B3CD7E6298282A5002EF9BF /* iPadCustomInputField.swift */; };
		1B658DBC293F428C00DF06DB /* LoginView.swift in Sources */ = {isa = PBXBuildFile; fileRef = 1B658DBB293F428C00DF06DB /* LoginView.swift */; };
		1B6B3146294520A000779BBE /* ContentView.swift in Sources */ = {isa = PBXBuildFile; fileRef = 1B6B3145294520A000779BBE /* ContentView.swift */; };
		1B78B12D2984168A00268661 /* ImagePicker.swift in Sources */ = {isa = PBXBuildFile; fileRef = E339158B295DE72900945EFA /* ImagePicker.swift */; };
		1B78B12E2984168A00268661 /* PaymentHandler.swift in Sources */ = {isa = PBXBuildFile; fileRef = E32FE35929641C850061C907 /* PaymentHandler.swift */; };
		1B78B12F2984168A00268661 /* CustomInputField.swift in Sources */ = {isa = PBXBuildFile; fileRef = E35215FB293F3D4F0074B787 /* CustomInputField.swift */; };
		1B78B1302984168A00268661 /* RecentUserActivityView.swift in Sources */ = {isa = PBXBuildFile; fileRef = E335476429586BDD003444E0 /* RecentUserActivityView.swift */; };
		1B78B1312984168A00268661 /* ActivityCollectionView.swift in Sources */ = {isa = PBXBuildFile; fileRef = E30E1DF52971D09E00B6ABAA /* ActivityCollectionView.swift */; };
		1B78B1322984168A00268661 /* CollectionView.swift in Sources */ = {isa = PBXBuildFile; fileRef = E33547662959AB64003444E0 /* CollectionView.swift */; };
		1B78B1332984168A00268661 /* PaymentButton.swift in Sources */ = {isa = PBXBuildFile; fileRef = E32FE35B29641C9E0061C907 /* PaymentButton.swift */; };
		1B78B1342984168A00268661 /* CollectionRowView.swift in Sources */ = {isa = PBXBuildFile; fileRef = E34C9B2A2966EE0000E8FC5E /* CollectionRowView.swift */; };
		1B78B1352984168A00268661 /* UserRowView.swift in Sources */ = {isa = PBXBuildFile; fileRef = E34C9B282966EB9000E8FC5E /* UserRowView.swift */; };
		1B78B1362984168A00268661 /* SearchBar.swift in Sources */ = {isa = PBXBuildFile; fileRef = E34C9B2C2966F03100E8FC5E /* SearchBar.swift */; };
		1B78B1372984168A00268661 /* iPadCustomInputField.swift in Sources */ = {isa = PBXBuildFile; fileRef = 1B3CD7E6298282A5002EF9BF /* iPadCustomInputField.swift */; };
		1B78B1382984168A00268661 /* Color.swift in Sources */ = {isa = PBXBuildFile; fileRef = E378A4212941135A001CE2E2 /* Color.swift */; };
		1B78B1392984168A00268661 /* Float.swift in Sources */ = {isa = PBXBuildFile; fileRef = E3A8D0C5295F95B200C029C1 /* Float.swift */; };
		1B78B13A2984168A00268661 /* AuthViewModel.swift in Sources */ = {isa = PBXBuildFile; fileRef = E378A41E2940E29A001CE2E2 /* AuthViewModel.swift */; };
		1B78B13B2984168A00268661 /* PaymentViewModel.swift in Sources */ = {isa = PBXBuildFile; fileRef = E32FE362296436600061C907 /* PaymentViewModel.swift */; };
		1B78B13C2984168A00268661 /* UploadCollectionViewModel.swift in Sources */ = {isa = PBXBuildFile; fileRef = E334CDBC295D93FE0082FC17 /* UploadCollectionViewModel.swift */; };
		1B78B13D2984168A00268661 /* ProfileViewModel.swift in Sources */ = {isa = PBXBuildFile; fileRef = E334CDBE295D94190082FC17 /* ProfileViewModel.swift */; };
		1B78B13E2984168A00268661 /* CollectionViewModel.swift in Sources */ = {isa = PBXBuildFile; fileRef = E36EFC51295EE12100301ED4 /* CollectionViewModel.swift */; };
		1B78B13F2984168A00268661 /* DashboardViewModel.swift in Sources */ = {isa = PBXBuildFile; fileRef = 1BE74EFF29675F5A006ACEF0 /* DashboardViewModel.swift */; };
		1B78B1402984168A00268661 /* SearchViewModel.swift in Sources */ = {isa = PBXBuildFile; fileRef = E34C9B2E2967119400E8FC5E /* SearchViewModel.swift */; };
		1B78B1412984168A00268661 /* FilterSearchViewModel.swift in Sources */ = {isa = PBXBuildFile; fileRef = E34C9B302967188600E8FC5E /* FilterSearchViewModel.swift */; };
		1B78B1422984168A00268661 /* SummaryCollectionViewModel.swift in Sources */ = {isa = PBXBuildFile; fileRef = E3DDB18A2970AE2C008CE84B /* SummaryCollectionViewModel.swift */; };
		1B78B1432984168A00268661 /* RecentUserActivityViewModel.swift in Sources */ = {isa = PBXBuildFile; fileRef = E3DDB18C2970AF6F008CE84B /* RecentUserActivityViewModel.swift */; };
		1B78B1442984168A00268661 /* ActivityCollectionViewModel.swift in Sources */ = {isa = PBXBuildFile; fileRef = E3BA1B1D2971D1F8009945A5 /* ActivityCollectionViewModel.swift */; };
		1B78B1452984168A00268661 /* BookmarkViewModel.swift in Sources */ = {isa = PBXBuildFile; fileRef = E34C47F62979AACD00F04937 /* BookmarkViewModel.swift */; };
		1B78B1462984168A00268661 /* EditProfileViewModel.swift in Sources */ = {isa = PBXBuildFile; fileRef = E351CC20297BE1DB00E74228 /* EditProfileViewModel.swift */; };
		1B78B1472984168A00268661 /* EditCollectionViewModel.swift in Sources */ = {isa = PBXBuildFile; fileRef = E3EA350A297FFEB400B01978 /* EditCollectionViewModel.swift */; };
		1B78B1482984168A00268661 /* LoginView.swift in Sources */ = {isa = PBXBuildFile; fileRef = 1B658DBB293F428C00DF06DB /* LoginView.swift */; };
		1B78B1492984168A00268661 /* SearchView.swift in Sources */ = {isa = PBXBuildFile; fileRef = E34C9B262966EA0700E8FC5E /* SearchView.swift */; };
		1B78B14A2984168A00268661 /* RegistrationView.swift in Sources */ = {isa = PBXBuildFile; fileRef = E35215F9293F399F0074B787 /* RegistrationView.swift */; };
		1B78B14B2984168A00268661 /* ContentView.swift in Sources */ = {isa = PBXBuildFile; fileRef = 1B6B3145294520A000779BBE /* ContentView.swift */; };
		1B78B14C2984168A00268661 /* ProfileView.swift in Sources */ = {isa = PBXBuildFile; fileRef = E335475F2958668B003444E0 /* ProfileView.swift */; };
		1B78B14D2984168A00268661 /* UploadCollectionView.swift in Sources */ = {isa = PBXBuildFile; fileRef = E3354776295C4088003444E0 /* UploadCollectionView.swift */; };
		1B78B14E2984168A00268661 /* PaymentView.swift in Sources */ = {isa = PBXBuildFile; fileRef = E32FE360296435FD0061C907 /* PaymentView.swift */; };
		1B78B14F2984168A00268661 /* SummaryCollectionView.swift in Sources */ = {isa = PBXBuildFile; fileRef = E34C9B222964AB4E00E8FC5E /* SummaryCollectionView.swift */; };
		1B78B1502984168A00268661 /* DashboardView.swift in Sources */ = {isa = PBXBuildFile; fileRef = 1BE74F0129675F83006ACEF0 /* DashboardView.swift */; };
		1B78B1512984168A00268661 /* CustomCornerView.swift in Sources */ = {isa = PBXBuildFile; fileRef = 1BF9AAAC2968C2AC007F4B34 /* CustomCornerView.swift */; };
		1B78B1522984168A00268661 /* MainView.swift in Sources */ = {isa = PBXBuildFile; fileRef = 1BCB44C32969E27300205BC1 /* MainView.swift */; };
		1B78B1532984168A00268661 /* BookmarkView.swift in Sources */ = {isa = PBXBuildFile; fileRef = E34C47F42979AABD00F04937 /* BookmarkView.swift */; };
		1B78B1542984168A00268661 /* ImageUploaderView.swift in Sources */ = {isa = PBXBuildFile; fileRef = 1B83CE47297F298D00FCEAC4 /* ImageUploaderView.swift */; };
		1B78B1552984168B00268661 /* EditProfileView.swift in Sources */ = {isa = PBXBuildFile; fileRef = E351CC1E297BDC4D00E74228 /* EditProfileView.swift */; };
		1B78B1562984168B00268661 /* EditCollectionView.swift in Sources */ = {isa = PBXBuildFile; fileRef = E3EA3508297FFDD900B01978 /* EditCollectionView.swift */; };
		1B78B1572984168B00268661 /* UserService.swift in Sources */ = {isa = PBXBuildFile; fileRef = E3354770295B05A3003444E0 /* UserService.swift */; };
		1B78B1582984168B00268661 /* CollectionService.swift in Sources */ = {isa = PBXBuildFile; fileRef = E334CDBA295D93E80082FC17 /* CollectionService.swift */; };
		1B78B1592984168B00268661 /* ImageUploader.swift in Sources */ = {isa = PBXBuildFile; fileRef = E339158D295DEF3D00945EFA /* ImageUploader.swift */; };
		1B78B15A2984168B00268661 /* PaymentService.swift in Sources */ = {isa = PBXBuildFile; fileRef = E32FE35E296429630061C907 /* PaymentService.swift */; };
		1B78B15B2984168B00268661 /* User.swift in Sources */ = {isa = PBXBuildFile; fileRef = E3354772295B07FB003444E0 /* User.swift */; };
		1B78B15C2984168B00268661 /* Collection.swift in Sources */ = {isa = PBXBuildFile; fileRef = E334CDB8295D93840082FC17 /* Collection.swift */; };
		1B78B15D2984168B00268661 /* Payment.swift in Sources */ = {isa = PBXBuildFile; fileRef = E32FE3642964367C0061C907 /* Payment.swift */; };
		1B78B15E2984168B00268661 /* Tab.swift in Sources */ = {isa = PBXBuildFile; fileRef = 1BF9AAAA2968BFBD007F4B34 /* Tab.swift */; };
		1B78B15F2984168B00268661 /* karmaApp.swift in Sources */ = {isa = PBXBuildFile; fileRef = 1BD8C246293E5D6100F1B32A /* karmaApp.swift */; };
		1B78B161298416AC00268661 /* FirebaseAuth in Frameworks */ = {isa = PBXBuildFile; productRef = 1B78B160298416AC00268661 /* FirebaseAuth */; };
		1B78B163298416AC00268661 /* FirebaseFirestore in Frameworks */ = {isa = PBXBuildFile; productRef = 1B78B162298416AC00268661 /* FirebaseFirestore */; };
		1B78B165298416AC00268661 /* FirebaseFirestoreSwift in Frameworks */ = {isa = PBXBuildFile; productRef = 1B78B164298416AC00268661 /* FirebaseFirestoreSwift */; };
		1B78B167298416AC00268661 /* Kingfisher in Frameworks */ = {isa = PBXBuildFile; productRef = 1B78B166298416AC00268661 /* Kingfisher */; };
		1B78B1692984171C00268661 /* FirebaseAppCheck in Frameworks */ = {isa = PBXBuildFile; productRef = 1B78B1682984171C00268661 /* FirebaseAppCheck */; };
		1B78B16B2984171C00268661 /* FirebaseDatabase in Frameworks */ = {isa = PBXBuildFile; productRef = 1B78B16A2984171C00268661 /* FirebaseDatabase */; };
		1B78B16D2984171C00268661 /* FirebaseDatabaseSwift in Frameworks */ = {isa = PBXBuildFile; productRef = 1B78B16C2984171C00268661 /* FirebaseDatabaseSwift */; };
		1B78B16F2984171C00268661 /* FirebaseStorage in Frameworks */ = {isa = PBXBuildFile; productRef = 1B78B16E2984171C00268661 /* FirebaseStorage */; };
		1B78B171298417A100268661 /* FirebaseAppCheck in Frameworks */ = {isa = PBXBuildFile; productRef = 1B78B170298417A100268661 /* FirebaseAppCheck */; };
		1B78B173298417A100268661 /* FirebaseAuth in Frameworks */ = {isa = PBXBuildFile; productRef = 1B78B172298417A100268661 /* FirebaseAuth */; };
		1B78B175298417A100268661 /* FirebaseDatabase in Frameworks */ = {isa = PBXBuildFile; productRef = 1B78B174298417A100268661 /* FirebaseDatabase */; };
		1B78B177298417A100268661 /* FirebaseDatabaseSwift in Frameworks */ = {isa = PBXBuildFile; productRef = 1B78B176298417A100268661 /* FirebaseDatabaseSwift */; };
		1B78B179298417A100268661 /* FirebaseFirestore in Frameworks */ = {isa = PBXBuildFile; productRef = 1B78B178298417A100268661 /* FirebaseFirestore */; };
		1B78B17B298417A100268661 /* FirebaseFirestoreSwift in Frameworks */ = {isa = PBXBuildFile; productRef = 1B78B17A298417A100268661 /* FirebaseFirestoreSwift */; };
		1B78B17D298417A100268661 /* FirebaseStorage in Frameworks */ = {isa = PBXBuildFile; productRef = 1B78B17C298417A100268661 /* FirebaseStorage */; };
		1B78B17E298417AB00268661 /* ImagePicker.swift in Sources */ = {isa = PBXBuildFile; fileRef = E339158B295DE72900945EFA /* ImagePicker.swift */; };
		1B78B17F298417AB00268661 /* PaymentHandler.swift in Sources */ = {isa = PBXBuildFile; fileRef = E32FE35929641C850061C907 /* PaymentHandler.swift */; };
		1B78B180298417AB00268661 /* CustomInputField.swift in Sources */ = {isa = PBXBuildFile; fileRef = E35215FB293F3D4F0074B787 /* CustomInputField.swift */; };
		1B78B181298417AB00268661 /* RecentUserActivityView.swift in Sources */ = {isa = PBXBuildFile; fileRef = E335476429586BDD003444E0 /* RecentUserActivityView.swift */; };
		1B78B182298417AB00268661 /* ActivityCollectionView.swift in Sources */ = {isa = PBXBuildFile; fileRef = E30E1DF52971D09E00B6ABAA /* ActivityCollectionView.swift */; };
		1B78B183298417AB00268661 /* CollectionView.swift in Sources */ = {isa = PBXBuildFile; fileRef = E33547662959AB64003444E0 /* CollectionView.swift */; };
		1B78B184298417AB00268661 /* PaymentButton.swift in Sources */ = {isa = PBXBuildFile; fileRef = E32FE35B29641C9E0061C907 /* PaymentButton.swift */; };
		1B78B185298417AB00268661 /* CollectionRowView.swift in Sources */ = {isa = PBXBuildFile; fileRef = E34C9B2A2966EE0000E8FC5E /* CollectionRowView.swift */; };
		1B78B186298417AB00268661 /* UserRowView.swift in Sources */ = {isa = PBXBuildFile; fileRef = E34C9B282966EB9000E8FC5E /* UserRowView.swift */; };
		1B78B187298417AB00268661 /* SearchBar.swift in Sources */ = {isa = PBXBuildFile; fileRef = E34C9B2C2966F03100E8FC5E /* SearchBar.swift */; };
		1B78B188298417AB00268661 /* iPadCustomInputField.swift in Sources */ = {isa = PBXBuildFile; fileRef = 1B3CD7E6298282A5002EF9BF /* iPadCustomInputField.swift */; };
		1B78B189298417AB00268661 /* Color.swift in Sources */ = {isa = PBXBuildFile; fileRef = E378A4212941135A001CE2E2 /* Color.swift */; };
		1B78B18A298417AB00268661 /* Float.swift in Sources */ = {isa = PBXBuildFile; fileRef = E3A8D0C5295F95B200C029C1 /* Float.swift */; };
		1B78B18B298417AB00268661 /* AuthViewModel.swift in Sources */ = {isa = PBXBuildFile; fileRef = E378A41E2940E29A001CE2E2 /* AuthViewModel.swift */; };
		1B78B18C298417AB00268661 /* PaymentViewModel.swift in Sources */ = {isa = PBXBuildFile; fileRef = E32FE362296436600061C907 /* PaymentViewModel.swift */; };
		1B78B18D298417AB00268661 /* UploadCollectionViewModel.swift in Sources */ = {isa = PBXBuildFile; fileRef = E334CDBC295D93FE0082FC17 /* UploadCollectionViewModel.swift */; };
		1B78B18E298417AB00268661 /* ProfileViewModel.swift in Sources */ = {isa = PBXBuildFile; fileRef = E334CDBE295D94190082FC17 /* ProfileViewModel.swift */; };
		1B78B18F298417AB00268661 /* CollectionViewModel.swift in Sources */ = {isa = PBXBuildFile; fileRef = E36EFC51295EE12100301ED4 /* CollectionViewModel.swift */; };
		1B78B190298417AB00268661 /* DashboardViewModel.swift in Sources */ = {isa = PBXBuildFile; fileRef = 1BE74EFF29675F5A006ACEF0 /* DashboardViewModel.swift */; };
		1B78B191298417AB00268661 /* SearchViewModel.swift in Sources */ = {isa = PBXBuildFile; fileRef = E34C9B2E2967119400E8FC5E /* SearchViewModel.swift */; };
		1B78B192298417AB00268661 /* FilterSearchViewModel.swift in Sources */ = {isa = PBXBuildFile; fileRef = E34C9B302967188600E8FC5E /* FilterSearchViewModel.swift */; };
		1B78B193298417AB00268661 /* SummaryCollectionViewModel.swift in Sources */ = {isa = PBXBuildFile; fileRef = E3DDB18A2970AE2C008CE84B /* SummaryCollectionViewModel.swift */; };
		1B78B194298417AB00268661 /* RecentUserActivityViewModel.swift in Sources */ = {isa = PBXBuildFile; fileRef = E3DDB18C2970AF6F008CE84B /* RecentUserActivityViewModel.swift */; };
		1B78B195298417AB00268661 /* ActivityCollectionViewModel.swift in Sources */ = {isa = PBXBuildFile; fileRef = E3BA1B1D2971D1F8009945A5 /* ActivityCollectionViewModel.swift */; };
		1B78B196298417AB00268661 /* BookmarkViewModel.swift in Sources */ = {isa = PBXBuildFile; fileRef = E34C47F62979AACD00F04937 /* BookmarkViewModel.swift */; };
		1B78B197298417AB00268661 /* EditProfileViewModel.swift in Sources */ = {isa = PBXBuildFile; fileRef = E351CC20297BE1DB00E74228 /* EditProfileViewModel.swift */; };
		1B78B198298417AB00268661 /* EditCollectionViewModel.swift in Sources */ = {isa = PBXBuildFile; fileRef = E3EA350A297FFEB400B01978 /* EditCollectionViewModel.swift */; };
		1B78B199298417AB00268661 /* LoginView.swift in Sources */ = {isa = PBXBuildFile; fileRef = 1B658DBB293F428C00DF06DB /* LoginView.swift */; };
		1B78B19A298417AB00268661 /* SearchView.swift in Sources */ = {isa = PBXBuildFile; fileRef = E34C9B262966EA0700E8FC5E /* SearchView.swift */; };
		1B78B19B298417AB00268661 /* RegistrationView.swift in Sources */ = {isa = PBXBuildFile; fileRef = E35215F9293F399F0074B787 /* RegistrationView.swift */; };
		1B78B19C298417AB00268661 /* ContentView.swift in Sources */ = {isa = PBXBuildFile; fileRef = 1B6B3145294520A000779BBE /* ContentView.swift */; };
		1B78B19D298417AB00268661 /* ProfileView.swift in Sources */ = {isa = PBXBuildFile; fileRef = E335475F2958668B003444E0 /* ProfileView.swift */; };
		1B78B19E298417AB00268661 /* UploadCollectionView.swift in Sources */ = {isa = PBXBuildFile; fileRef = E3354776295C4088003444E0 /* UploadCollectionView.swift */; };
		1B78B19F298417AB00268661 /* PaymentView.swift in Sources */ = {isa = PBXBuildFile; fileRef = E32FE360296435FD0061C907 /* PaymentView.swift */; };
		1B78B1A0298417AB00268661 /* SummaryCollectionView.swift in Sources */ = {isa = PBXBuildFile; fileRef = E34C9B222964AB4E00E8FC5E /* SummaryCollectionView.swift */; };
		1B78B1A1298417AB00268661 /* DashboardView.swift in Sources */ = {isa = PBXBuildFile; fileRef = 1BE74F0129675F83006ACEF0 /* DashboardView.swift */; };
		1B78B1A2298417AB00268661 /* CustomCornerView.swift in Sources */ = {isa = PBXBuildFile; fileRef = 1BF9AAAC2968C2AC007F4B34 /* CustomCornerView.swift */; };
		1B78B1A3298417AB00268661 /* MainView.swift in Sources */ = {isa = PBXBuildFile; fileRef = 1BCB44C32969E27300205BC1 /* MainView.swift */; };
		1B78B1A4298417AB00268661 /* BookmarkView.swift in Sources */ = {isa = PBXBuildFile; fileRef = E34C47F42979AABD00F04937 /* BookmarkView.swift */; };
		1B78B1A5298417AB00268661 /* ImageUploaderView.swift in Sources */ = {isa = PBXBuildFile; fileRef = 1B83CE47297F298D00FCEAC4 /* ImageUploaderView.swift */; };
		1B78B1A6298417AB00268661 /* EditProfileView.swift in Sources */ = {isa = PBXBuildFile; fileRef = E351CC1E297BDC4D00E74228 /* EditProfileView.swift */; };
		1B78B1A7298417AB00268661 /* EditCollectionView.swift in Sources */ = {isa = PBXBuildFile; fileRef = E3EA3508297FFDD900B01978 /* EditCollectionView.swift */; };
		1B78B1A8298417AB00268661 /* UserService.swift in Sources */ = {isa = PBXBuildFile; fileRef = E3354770295B05A3003444E0 /* UserService.swift */; };
		1B78B1A9298417AB00268661 /* CollectionService.swift in Sources */ = {isa = PBXBuildFile; fileRef = E334CDBA295D93E80082FC17 /* CollectionService.swift */; };
		1B78B1AA298417AB00268661 /* ImageUploader.swift in Sources */ = {isa = PBXBuildFile; fileRef = E339158D295DEF3D00945EFA /* ImageUploader.swift */; };
		1B78B1AB298417AB00268661 /* PaymentService.swift in Sources */ = {isa = PBXBuildFile; fileRef = E32FE35E296429630061C907 /* PaymentService.swift */; };
		1B78B1AC298417AB00268661 /* User.swift in Sources */ = {isa = PBXBuildFile; fileRef = E3354772295B07FB003444E0 /* User.swift */; };
		1B78B1AD298417AB00268661 /* Collection.swift in Sources */ = {isa = PBXBuildFile; fileRef = E334CDB8295D93840082FC17 /* Collection.swift */; };
		1B78B1AE298417AB00268661 /* Payment.swift in Sources */ = {isa = PBXBuildFile; fileRef = E32FE3642964367C0061C907 /* Payment.swift */; };
		1B78B1AF298417AB00268661 /* Tab.swift in Sources */ = {isa = PBXBuildFile; fileRef = 1BF9AAAA2968BFBD007F4B34 /* Tab.swift */; };
		1B78B1B0298417AB00268661 /* karmaApp.swift in Sources */ = {isa = PBXBuildFile; fileRef = 1BD8C246293E5D6100F1B32A /* karmaApp.swift */; };
		1B78B1B129841A6D00268661 /* GoogleService-Info.plist in Resources */ = {isa = PBXBuildFile; fileRef = E35215FF293F4F900074B787 /* GoogleService-Info.plist */; };
		1B78B1B229841A7400268661 /* GoogleService-Info.plist in Resources */ = {isa = PBXBuildFile; fileRef = E35215FF293F4F900074B787 /* GoogleService-Info.plist */; };
		1B83CE48297F298D00FCEAC4 /* ImageUploaderView.swift in Sources */ = {isa = PBXBuildFile; fileRef = 1B83CE47297F298D00FCEAC4 /* ImageUploaderView.swift */; };
		1BCB44C42969E27300205BC1 /* MainView.swift in Sources */ = {isa = PBXBuildFile; fileRef = 1BCB44C32969E27300205BC1 /* MainView.swift */; };
		1BD8C247293E5D6100F1B32A /* karmaApp.swift in Sources */ = {isa = PBXBuildFile; fileRef = 1BD8C246293E5D6100F1B32A /* karmaApp.swift */; };
		1BD8C24B293E5D6200F1B32A /* Assets.xcassets in Resources */ = {isa = PBXBuildFile; fileRef = 1BD8C24A293E5D6200F1B32A /* Assets.xcassets */; };
		1BD8C24E293E5D6200F1B32A /* Preview Assets.xcassets in Resources */ = {isa = PBXBuildFile; fileRef = 1BD8C24D293E5D6200F1B32A /* Preview Assets.xcassets */; };
		1BD8C258293E5D6300F1B32A /* karmaTests.swift in Sources */ = {isa = PBXBuildFile; fileRef = 1BD8C257293E5D6300F1B32A /* karmaTests.swift */; };
		1BD8C262293E5D6300F1B32A /* karmaUITests.swift in Sources */ = {isa = PBXBuildFile; fileRef = 1BD8C261293E5D6300F1B32A /* karmaUITests.swift */; };
		1BD8C264293E5D6300F1B32A /* karmaUITestsLaunchTests.swift in Sources */ = {isa = PBXBuildFile; fileRef = 1BD8C263293E5D6300F1B32A /* karmaUITestsLaunchTests.swift */; };
		1BE74F0029675F5A006ACEF0 /* DashboardViewModel.swift in Sources */ = {isa = PBXBuildFile; fileRef = 1BE74EFF29675F5A006ACEF0 /* DashboardViewModel.swift */; };
		1BE74F0229675F83006ACEF0 /* DashboardView.swift in Sources */ = {isa = PBXBuildFile; fileRef = 1BE74F0129675F83006ACEF0 /* DashboardView.swift */; };
		1BF9AAAB2968BFBD007F4B34 /* Tab.swift in Sources */ = {isa = PBXBuildFile; fileRef = 1BF9AAAA2968BFBD007F4B34 /* Tab.swift */; };
		1BF9AAAD2968C2AC007F4B34 /* CustomCornerView.swift in Sources */ = {isa = PBXBuildFile; fileRef = 1BF9AAAC2968C2AC007F4B34 /* CustomCornerView.swift */; };
		E30E1DF62971D09E00B6ABAA /* ActivityCollectionView.swift in Sources */ = {isa = PBXBuildFile; fileRef = E30E1DF52971D09E00B6ABAA /* ActivityCollectionView.swift */; };
		E32FE35A29641C850061C907 /* PaymentHandler.swift in Sources */ = {isa = PBXBuildFile; fileRef = E32FE35929641C850061C907 /* PaymentHandler.swift */; };
		E32FE35C29641C9E0061C907 /* PaymentButton.swift in Sources */ = {isa = PBXBuildFile; fileRef = E32FE35B29641C9E0061C907 /* PaymentButton.swift */; };
		E32FE35F296429630061C907 /* PaymentService.swift in Sources */ = {isa = PBXBuildFile; fileRef = E32FE35E296429630061C907 /* PaymentService.swift */; };
		E32FE361296435FD0061C907 /* PaymentView.swift in Sources */ = {isa = PBXBuildFile; fileRef = E32FE360296435FD0061C907 /* PaymentView.swift */; };
		E32FE363296436600061C907 /* PaymentViewModel.swift in Sources */ = {isa = PBXBuildFile; fileRef = E32FE362296436600061C907 /* PaymentViewModel.swift */; };
		E32FE3652964367C0061C907 /* Payment.swift in Sources */ = {isa = PBXBuildFile; fileRef = E32FE3642964367C0061C907 /* Payment.swift */; };
		E334CDB9295D93840082FC17 /* Collection.swift in Sources */ = {isa = PBXBuildFile; fileRef = E334CDB8295D93840082FC17 /* Collection.swift */; };
		E334CDBB295D93E80082FC17 /* CollectionService.swift in Sources */ = {isa = PBXBuildFile; fileRef = E334CDBA295D93E80082FC17 /* CollectionService.swift */; };
		E334CDBD295D93FE0082FC17 /* UploadCollectionViewModel.swift in Sources */ = {isa = PBXBuildFile; fileRef = E334CDBC295D93FE0082FC17 /* UploadCollectionViewModel.swift */; };
		E334CDBF295D94190082FC17 /* ProfileViewModel.swift in Sources */ = {isa = PBXBuildFile; fileRef = E334CDBE295D94190082FC17 /* ProfileViewModel.swift */; };
		E33547602958668B003444E0 /* ProfileView.swift in Sources */ = {isa = PBXBuildFile; fileRef = E335475F2958668B003444E0 /* ProfileView.swift */; };
		E335476529586BDD003444E0 /* RecentUserActivityView.swift in Sources */ = {isa = PBXBuildFile; fileRef = E335476429586BDD003444E0 /* RecentUserActivityView.swift */; };
		E33547672959AB64003444E0 /* CollectionView.swift in Sources */ = {isa = PBXBuildFile; fileRef = E33547662959AB64003444E0 /* CollectionView.swift */; };
		E3354771295B05A3003444E0 /* UserService.swift in Sources */ = {isa = PBXBuildFile; fileRef = E3354770295B05A3003444E0 /* UserService.swift */; };
		E3354773295B07FB003444E0 /* User.swift in Sources */ = {isa = PBXBuildFile; fileRef = E3354772295B07FB003444E0 /* User.swift */; };
		E3354777295C4088003444E0 /* UploadCollectionView.swift in Sources */ = {isa = PBXBuildFile; fileRef = E3354776295C4088003444E0 /* UploadCollectionView.swift */; };
		E339158C295DE72900945EFA /* ImagePicker.swift in Sources */ = {isa = PBXBuildFile; fileRef = E339158B295DE72900945EFA /* ImagePicker.swift */; };
		E339158E295DEF3D00945EFA /* ImageUploader.swift in Sources */ = {isa = PBXBuildFile; fileRef = E339158D295DEF3D00945EFA /* ImageUploader.swift */; };
		E34C47F52979AABD00F04937 /* BookmarkView.swift in Sources */ = {isa = PBXBuildFile; fileRef = E34C47F42979AABD00F04937 /* BookmarkView.swift */; };
		E34C47F72979AACD00F04937 /* BookmarkViewModel.swift in Sources */ = {isa = PBXBuildFile; fileRef = E34C47F62979AACD00F04937 /* BookmarkViewModel.swift */; };
		E34C9B232964AB4E00E8FC5E /* SummaryCollectionView.swift in Sources */ = {isa = PBXBuildFile; fileRef = E34C9B222964AB4E00E8FC5E /* SummaryCollectionView.swift */; };
		E34C9B272966EA0700E8FC5E /* SearchView.swift in Sources */ = {isa = PBXBuildFile; fileRef = E34C9B262966EA0700E8FC5E /* SearchView.swift */; };
		E34C9B292966EB9000E8FC5E /* UserRowView.swift in Sources */ = {isa = PBXBuildFile; fileRef = E34C9B282966EB9000E8FC5E /* UserRowView.swift */; };
		E34C9B2B2966EE0000E8FC5E /* CollectionRowView.swift in Sources */ = {isa = PBXBuildFile; fileRef = E34C9B2A2966EE0000E8FC5E /* CollectionRowView.swift */; };
		E34C9B2D2966F03100E8FC5E /* SearchBar.swift in Sources */ = {isa = PBXBuildFile; fileRef = E34C9B2C2966F03100E8FC5E /* SearchBar.swift */; };
		E34C9B2F2967119400E8FC5E /* SearchViewModel.swift in Sources */ = {isa = PBXBuildFile; fileRef = E34C9B2E2967119400E8FC5E /* SearchViewModel.swift */; };
		E34C9B312967188600E8FC5E /* FilterSearchViewModel.swift in Sources */ = {isa = PBXBuildFile; fileRef = E34C9B302967188600E8FC5E /* FilterSearchViewModel.swift */; };
		E351CC1F297BDC4E00E74228 /* EditProfileView.swift in Sources */ = {isa = PBXBuildFile; fileRef = E351CC1E297BDC4D00E74228 /* EditProfileView.swift */; };
		E351CC21297BE1DB00E74228 /* EditProfileViewModel.swift in Sources */ = {isa = PBXBuildFile; fileRef = E351CC20297BE1DB00E74228 /* EditProfileViewModel.swift */; };
		E35215FA293F399F0074B787 /* RegistrationView.swift in Sources */ = {isa = PBXBuildFile; fileRef = E35215F9293F399F0074B787 /* RegistrationView.swift */; };
		E35215FC293F3D4F0074B787 /* CustomInputField.swift in Sources */ = {isa = PBXBuildFile; fileRef = E35215FB293F3D4F0074B787 /* CustomInputField.swift */; };
		E3521600293F4F910074B787 /* GoogleService-Info.plist in Resources */ = {isa = PBXBuildFile; fileRef = E35215FF293F4F900074B787 /* GoogleService-Info.plist */; };
		E3521603293F51B30074B787 /* FirebaseAuth in Frameworks */ = {isa = PBXBuildFile; productRef = E3521602293F51B30074B787 /* FirebaseAuth */; };
		E3521605293F51B30074B787 /* FirebaseFirestore in Frameworks */ = {isa = PBXBuildFile; productRef = E3521604293F51B30074B787 /* FirebaseFirestore */; };
		E3521607293F51B30074B787 /* FirebaseFirestoreSwift in Frameworks */ = {isa = PBXBuildFile; productRef = E3521606293F51B30074B787 /* FirebaseFirestoreSwift */; };
		E3521609293F51B30074B787 /* FirebaseStorage in Frameworks */ = {isa = PBXBuildFile; productRef = E3521608293F51B30074B787 /* FirebaseStorage */; };
		E36EFC50295ED26B00301ED4 /* Kingfisher in Frameworks */ = {isa = PBXBuildFile; productRef = E36EFC4F295ED26B00301ED4 /* Kingfisher */; };
		E36EFC52295EE12100301ED4 /* CollectionViewModel.swift in Sources */ = {isa = PBXBuildFile; fileRef = E36EFC51295EE12100301ED4 /* CollectionViewModel.swift */; };
		E37273A42969802C007D512E /* FirebaseDatabase in Frameworks */ = {isa = PBXBuildFile; productRef = E37273A32969802C007D512E /* FirebaseDatabase */; };
		E37273A62969803A007D512E /* FirebaseDatabaseSwift in Frameworks */ = {isa = PBXBuildFile; productRef = E37273A52969803A007D512E /* FirebaseDatabaseSwift */; };
		E378A41F2940E29A001CE2E2 /* AuthViewModel.swift in Sources */ = {isa = PBXBuildFile; fileRef = E378A41E2940E29A001CE2E2 /* AuthViewModel.swift */; };
		E378A4222941135A001CE2E2 /* Color.swift in Sources */ = {isa = PBXBuildFile; fileRef = E378A4212941135A001CE2E2 /* Color.swift */; };
		E3A8D0C6295F95B200C029C1 /* Float.swift in Sources */ = {isa = PBXBuildFile; fileRef = E3A8D0C5295F95B200C029C1 /* Float.swift */; };
		E3BA1B1E2971D1F8009945A5 /* ActivityCollectionViewModel.swift in Sources */ = {isa = PBXBuildFile; fileRef = E3BA1B1D2971D1F8009945A5 /* ActivityCollectionViewModel.swift */; };
		E3DDB18B2970AE2C008CE84B /* SummaryCollectionViewModel.swift in Sources */ = {isa = PBXBuildFile; fileRef = E3DDB18A2970AE2C008CE84B /* SummaryCollectionViewModel.swift */; };
		E3DDB18D2970AF6F008CE84B /* RecentUserActivityViewModel.swift in Sources */ = {isa = PBXBuildFile; fileRef = E3DDB18C2970AF6F008CE84B /* RecentUserActivityViewModel.swift */; };
		E3EA3509297FFDD900B01978 /* EditCollectionView.swift in Sources */ = {isa = PBXBuildFile; fileRef = E3EA3508297FFDD900B01978 /* EditCollectionView.swift */; };
		E3EA350B297FFEB400B01978 /* EditCollectionViewModel.swift in Sources */ = {isa = PBXBuildFile; fileRef = E3EA350A297FFEB400B01978 /* EditCollectionViewModel.swift */; };
/* End PBXBuildFile section */

/* Begin PBXContainerItemProxy section */
		1BD8C254293E5D6300F1B32A /* PBXContainerItemProxy */ = {
			isa = PBXContainerItemProxy;
			containerPortal = 1BD8C23B293E5D6100F1B32A /* Project object */;
			proxyType = 1;
			remoteGlobalIDString = 1BD8C242293E5D6100F1B32A;
			remoteInfo = karma;
		};
		1BD8C25E293E5D6300F1B32A /* PBXContainerItemProxy */ = {
			isa = PBXContainerItemProxy;
			containerPortal = 1BD8C23B293E5D6100F1B32A /* Project object */;
			proxyType = 1;
			remoteGlobalIDString = 1BD8C242293E5D6100F1B32A;
			remoteInfo = karma;
		};
/* End PBXContainerItemProxy section */

/* Begin PBXFileReference section */
		1B3CD7E6298282A5002EF9BF /* iPadCustomInputField.swift */ = {isa = PBXFileReference; lastKnownFileType = sourcecode.swift; path = iPadCustomInputField.swift; sourceTree = "<group>"; };
		1B658DBB293F428C00DF06DB /* LoginView.swift */ = {isa = PBXFileReference; lastKnownFileType = sourcecode.swift; path = LoginView.swift; sourceTree = "<group>"; };
		1B6B3145294520A000779BBE /* ContentView.swift */ = {isa = PBXFileReference; lastKnownFileType = sourcecode.swift; path = ContentView.swift; sourceTree = "<group>"; };
		1B83CE47297F298D00FCEAC4 /* ImageUploaderView.swift */ = {isa = PBXFileReference; lastKnownFileType = sourcecode.swift; path = ImageUploaderView.swift; sourceTree = "<group>"; };
		1BCB44C32969E27300205BC1 /* MainView.swift */ = {isa = PBXFileReference; lastKnownFileType = sourcecode.swift; path = MainView.swift; sourceTree = "<group>"; };
		1BD8C243293E5D6100F1B32A /* karma.app */ = {isa = PBXFileReference; explicitFileType = wrapper.application; includeInIndex = 0; path = karma.app; sourceTree = BUILT_PRODUCTS_DIR; };
		1BD8C246293E5D6100F1B32A /* karmaApp.swift */ = {isa = PBXFileReference; lastKnownFileType = sourcecode.swift; path = karmaApp.swift; sourceTree = "<group>"; };
		1BD8C24A293E5D6200F1B32A /* Assets.xcassets */ = {isa = PBXFileReference; lastKnownFileType = folder.assetcatalog; path = Assets.xcassets; sourceTree = "<group>"; };
		1BD8C24D293E5D6200F1B32A /* Preview Assets.xcassets */ = {isa = PBXFileReference; lastKnownFileType = folder.assetcatalog; path = "Preview Assets.xcassets"; sourceTree = "<group>"; };
		1BD8C253293E5D6300F1B32A /* karmaTests.xctest */ = {isa = PBXFileReference; explicitFileType = wrapper.cfbundle; includeInIndex = 0; path = karmaTests.xctest; sourceTree = BUILT_PRODUCTS_DIR; };
		1BD8C257293E5D6300F1B32A /* karmaTests.swift */ = {isa = PBXFileReference; lastKnownFileType = sourcecode.swift; path = karmaTests.swift; sourceTree = "<group>"; };
		1BD8C25D293E5D6300F1B32A /* karmaUITests.xctest */ = {isa = PBXFileReference; explicitFileType = wrapper.cfbundle; includeInIndex = 0; path = karmaUITests.xctest; sourceTree = BUILT_PRODUCTS_DIR; };
		1BD8C261293E5D6300F1B32A /* karmaUITests.swift */ = {isa = PBXFileReference; lastKnownFileType = sourcecode.swift; path = karmaUITests.swift; sourceTree = "<group>"; };
		1BD8C263293E5D6300F1B32A /* karmaUITestsLaunchTests.swift */ = {isa = PBXFileReference; lastKnownFileType = sourcecode.swift; path = karmaUITestsLaunchTests.swift; sourceTree = "<group>"; };
		1BE74EFF29675F5A006ACEF0 /* DashboardViewModel.swift */ = {isa = PBXFileReference; lastKnownFileType = sourcecode.swift; path = DashboardViewModel.swift; sourceTree = "<group>"; };
		1BE74F0129675F83006ACEF0 /* DashboardView.swift */ = {isa = PBXFileReference; lastKnownFileType = sourcecode.swift; path = DashboardView.swift; sourceTree = "<group>"; };
		1BF9AAAA2968BFBD007F4B34 /* Tab.swift */ = {isa = PBXFileReference; lastKnownFileType = sourcecode.swift; path = Tab.swift; sourceTree = "<group>"; };
		1BF9AAAC2968C2AC007F4B34 /* CustomCornerView.swift */ = {isa = PBXFileReference; lastKnownFileType = sourcecode.swift; path = CustomCornerView.swift; sourceTree = "<group>"; };
		E30E1DF52971D09E00B6ABAA /* ActivityCollectionView.swift */ = {isa = PBXFileReference; lastKnownFileType = sourcecode.swift; path = ActivityCollectionView.swift; sourceTree = "<group>"; };
		E32FBF6C2983DE1C004E9969 /* Info.plist */ = {isa = PBXFileReference; lastKnownFileType = text.plist; path = Info.plist; sourceTree = "<group>"; };
		E32FE35929641C850061C907 /* PaymentHandler.swift */ = {isa = PBXFileReference; lastKnownFileType = sourcecode.swift; path = PaymentHandler.swift; sourceTree = "<group>"; };
		E32FE35B29641C9E0061C907 /* PaymentButton.swift */ = {isa = PBXFileReference; lastKnownFileType = sourcecode.swift; path = PaymentButton.swift; sourceTree = "<group>"; };
		E32FE35D296424380061C907 /* karmaDebug.entitlements */ = {isa = PBXFileReference; lastKnownFileType = text.plist.entitlements; path = karmaDebug.entitlements; sourceTree = "<group>"; };
		E32FE35E296429630061C907 /* PaymentService.swift */ = {isa = PBXFileReference; lastKnownFileType = sourcecode.swift; name = PaymentService.swift; path = karma/Components/PaymentService.swift; sourceTree = SOURCE_ROOT; };
		E32FE360296435FD0061C907 /* PaymentView.swift */ = {isa = PBXFileReference; lastKnownFileType = sourcecode.swift; path = PaymentView.swift; sourceTree = "<group>"; };
		E32FE362296436600061C907 /* PaymentViewModel.swift */ = {isa = PBXFileReference; lastKnownFileType = sourcecode.swift; path = PaymentViewModel.swift; sourceTree = "<group>"; };
		E32FE3642964367C0061C907 /* Payment.swift */ = {isa = PBXFileReference; lastKnownFileType = sourcecode.swift; name = Payment.swift; path = karma/Views/Payment.swift; sourceTree = SOURCE_ROOT; };
		E334CDB8295D93840082FC17 /* Collection.swift */ = {isa = PBXFileReference; lastKnownFileType = sourcecode.swift; path = Collection.swift; sourceTree = SOURCE_ROOT; };
		E334CDBA295D93E80082FC17 /* CollectionService.swift */ = {isa = PBXFileReference; lastKnownFileType = sourcecode.swift; path = CollectionService.swift; sourceTree = SOURCE_ROOT; };
		E334CDBC295D93FE0082FC17 /* UploadCollectionViewModel.swift */ = {isa = PBXFileReference; lastKnownFileType = sourcecode.swift; path = UploadCollectionViewModel.swift; sourceTree = "<group>"; };
		E334CDBE295D94190082FC17 /* ProfileViewModel.swift */ = {isa = PBXFileReference; lastKnownFileType = sourcecode.swift; path = ProfileViewModel.swift; sourceTree = "<group>"; };
		E335475F2958668B003444E0 /* ProfileView.swift */ = {isa = PBXFileReference; lastKnownFileType = sourcecode.swift; path = ProfileView.swift; sourceTree = "<group>"; };
		E335476429586BDD003444E0 /* RecentUserActivityView.swift */ = {isa = PBXFileReference; lastKnownFileType = sourcecode.swift; path = RecentUserActivityView.swift; sourceTree = "<group>"; };
		E33547662959AB64003444E0 /* CollectionView.swift */ = {isa = PBXFileReference; lastKnownFileType = sourcecode.swift; name = CollectionView.swift; path = ../Views/CollectionView.swift; sourceTree = "<group>"; };
		E3354770295B05A3003444E0 /* UserService.swift */ = {isa = PBXFileReference; lastKnownFileType = sourcecode.swift; name = UserService.swift; path = karma/Components/UserService.swift; sourceTree = SOURCE_ROOT; };
		E3354772295B07FB003444E0 /* User.swift */ = {isa = PBXFileReference; lastKnownFileType = sourcecode.swift; name = User.swift; path = karma/Components/User.swift; sourceTree = SOURCE_ROOT; };
		E3354776295C4088003444E0 /* UploadCollectionView.swift */ = {isa = PBXFileReference; lastKnownFileType = sourcecode.swift; path = UploadCollectionView.swift; sourceTree = "<group>"; };
		E339158B295DE72900945EFA /* ImagePicker.swift */ = {isa = PBXFileReference; lastKnownFileType = sourcecode.swift; path = ImagePicker.swift; sourceTree = "<group>"; };
		E339158D295DEF3D00945EFA /* ImageUploader.swift */ = {isa = PBXFileReference; lastKnownFileType = sourcecode.swift; name = ImageUploader.swift; path = karma/Utils/ImageUploader.swift; sourceTree = SOURCE_ROOT; };
		E34C47F42979AABD00F04937 /* BookmarkView.swift */ = {isa = PBXFileReference; lastKnownFileType = sourcecode.swift; path = BookmarkView.swift; sourceTree = "<group>"; };
		E34C47F62979AACD00F04937 /* BookmarkViewModel.swift */ = {isa = PBXFileReference; lastKnownFileType = sourcecode.swift; path = BookmarkViewModel.swift; sourceTree = "<group>"; };
		E34C9B222964AB4E00E8FC5E /* SummaryCollectionView.swift */ = {isa = PBXFileReference; lastKnownFileType = sourcecode.swift; path = SummaryCollectionView.swift; sourceTree = "<group>"; };
		E34C9B262966EA0700E8FC5E /* SearchView.swift */ = {isa = PBXFileReference; lastKnownFileType = sourcecode.swift; path = SearchView.swift; sourceTree = "<group>"; };
		E34C9B282966EB9000E8FC5E /* UserRowView.swift */ = {isa = PBXFileReference; lastKnownFileType = sourcecode.swift; path = UserRowView.swift; sourceTree = "<group>"; };
		E34C9B2A2966EE0000E8FC5E /* CollectionRowView.swift */ = {isa = PBXFileReference; lastKnownFileType = sourcecode.swift; path = CollectionRowView.swift; sourceTree = "<group>"; };
		E34C9B2C2966F03100E8FC5E /* SearchBar.swift */ = {isa = PBXFileReference; lastKnownFileType = sourcecode.swift; path = SearchBar.swift; sourceTree = "<group>"; };
		E34C9B2E2967119400E8FC5E /* SearchViewModel.swift */ = {isa = PBXFileReference; lastKnownFileType = sourcecode.swift; path = SearchViewModel.swift; sourceTree = "<group>"; };
		E34C9B302967188600E8FC5E /* FilterSearchViewModel.swift */ = {isa = PBXFileReference; lastKnownFileType = sourcecode.swift; path = FilterSearchViewModel.swift; sourceTree = "<group>"; };
		E351CC1E297BDC4D00E74228 /* EditProfileView.swift */ = {isa = PBXFileReference; lastKnownFileType = sourcecode.swift; path = EditProfileView.swift; sourceTree = "<group>"; };
		E351CC20297BE1DB00E74228 /* EditProfileViewModel.swift */ = {isa = PBXFileReference; lastKnownFileType = sourcecode.swift; path = EditProfileViewModel.swift; sourceTree = "<group>"; };
		E35215F9293F399F0074B787 /* RegistrationView.swift */ = {isa = PBXFileReference; lastKnownFileType = sourcecode.swift; path = RegistrationView.swift; sourceTree = "<group>"; };
		E35215FB293F3D4F0074B787 /* CustomInputField.swift */ = {isa = PBXFileReference; lastKnownFileType = sourcecode.swift; path = CustomInputField.swift; sourceTree = "<group>"; };
		E35215FF293F4F900074B787 /* GoogleService-Info.plist */ = {isa = PBXFileReference; lastKnownFileType = text.plist; path = "GoogleService-Info.plist"; sourceTree = SOURCE_ROOT; };
		E36EFC51295EE12100301ED4 /* CollectionViewModel.swift */ = {isa = PBXFileReference; lastKnownFileType = sourcecode.swift; path = CollectionViewModel.swift; sourceTree = "<group>"; };
		E378A41E2940E29A001CE2E2 /* AuthViewModel.swift */ = {isa = PBXFileReference; lastKnownFileType = sourcecode.swift; path = AuthViewModel.swift; sourceTree = "<group>"; };
		E378A4212941135A001CE2E2 /* Color.swift */ = {isa = PBXFileReference; lastKnownFileType = sourcecode.swift; path = Color.swift; sourceTree = "<group>"; };
		E3933AEC298049BD0049D39B /* Info.plist */ = {isa = PBXFileReference; lastKnownFileType = text.plist; path = Info.plist; sourceTree = "<group>"; };
		E3A8D0C5295F95B200C029C1 /* Float.swift */ = {isa = PBXFileReference; lastKnownFileType = sourcecode.swift; path = Float.swift; sourceTree = "<group>"; };
		E3BA1B1D2971D1F8009945A5 /* ActivityCollectionViewModel.swift */ = {isa = PBXFileReference; lastKnownFileType = sourcecode.swift; path = ActivityCollectionViewModel.swift; sourceTree = "<group>"; };
		E3DDB18A2970AE2C008CE84B /* SummaryCollectionViewModel.swift */ = {isa = PBXFileReference; lastKnownFileType = sourcecode.swift; path = SummaryCollectionViewModel.swift; sourceTree = "<group>"; };
		E3DDB18C2970AF6F008CE84B /* RecentUserActivityViewModel.swift */ = {isa = PBXFileReference; lastKnownFileType = sourcecode.swift; path = RecentUserActivityViewModel.swift; sourceTree = "<group>"; };
		E3EA3508297FFDD900B01978 /* EditCollectionView.swift */ = {isa = PBXFileReference; lastKnownFileType = sourcecode.swift; path = EditCollectionView.swift; sourceTree = "<group>"; };
		E3EA350A297FFEB400B01978 /* EditCollectionViewModel.swift */ = {isa = PBXFileReference; lastKnownFileType = sourcecode.swift; path = EditCollectionViewModel.swift; sourceTree = "<group>"; };
		E3F51F29297835BF00E66C08 /* karma.entitlements */ = {isa = PBXFileReference; lastKnownFileType = text.plist.entitlements; path = karma.entitlements; sourceTree = "<group>"; };
/* End PBXFileReference section */

/* Begin PBXFrameworksBuildPhase section */
		1BD8C240293E5D6100F1B32A /* Frameworks */ = {
			isa = PBXFrameworksBuildPhase;
			buildActionMask = 2147483647;
			files = (
				E37273A62969803A007D512E /* FirebaseDatabaseSwift in Frameworks */,
				E37273A42969802C007D512E /* FirebaseDatabase in Frameworks */,
				E3521603293F51B30074B787 /* FirebaseAuth in Frameworks */,
				E3521609293F51B30074B787 /* FirebaseStorage in Frameworks */,
				E3521605293F51B30074B787 /* FirebaseFirestore in Frameworks */,
				E3521607293F51B30074B787 /* FirebaseFirestoreSwift in Frameworks */,
				E36EFC50295ED26B00301ED4 /* Kingfisher in Frameworks */,
			);
			runOnlyForDeploymentPostprocessing = 0;
		};
		1BD8C250293E5D6300F1B32A /* Frameworks */ = {
			isa = PBXFrameworksBuildPhase;
			buildActionMask = 2147483647;
			files = (
				1B78B177298417A100268661 /* FirebaseDatabaseSwift in Frameworks */,
				1B78B175298417A100268661 /* FirebaseDatabase in Frameworks */,
				1B78B171298417A100268661 /* FirebaseAppCheck in Frameworks */,
				1B78B179298417A100268661 /* FirebaseFirestore in Frameworks */,
				1B0DD374298557BF002FAB53 /* Kingfisher in Frameworks */,
				1B78B17D298417A100268661 /* FirebaseStorage in Frameworks */,
				1B78B173298417A100268661 /* FirebaseAuth in Frameworks */,
				1B78B17B298417A100268661 /* FirebaseFirestoreSwift in Frameworks */,
			);
			runOnlyForDeploymentPostprocessing = 0;
		};
		1BD8C25A293E5D6300F1B32A /* Frameworks */ = {
			isa = PBXFrameworksBuildPhase;
			buildActionMask = 2147483647;
			files = (
				1B78B16D2984171C00268661 /* FirebaseDatabaseSwift in Frameworks */,
				1B78B16B2984171C00268661 /* FirebaseDatabase in Frameworks */,
				1B78B167298416AC00268661 /* Kingfisher in Frameworks */,
				1B78B161298416AC00268661 /* FirebaseAuth in Frameworks */,
				1B78B163298416AC00268661 /* FirebaseFirestore in Frameworks */,
				1B78B16F2984171C00268661 /* FirebaseStorage in Frameworks */,
				1B78B1692984171C00268661 /* FirebaseAppCheck in Frameworks */,
				1B78B165298416AC00268661 /* FirebaseFirestoreSwift in Frameworks */,
			);
			runOnlyForDeploymentPostprocessing = 0;
		};
/* End PBXFrameworksBuildPhase section */

/* Begin PBXGroup section */
		1BD8C23A293E5D6100F1B32A = {
			isa = PBXGroup;
			children = (
				1BD8C245293E5D6100F1B32A /* karma */,
				1BD8C256293E5D6300F1B32A /* karmaTests */,
				1BD8C260293E5D6300F1B32A /* karmaUITests */,
				1BD8C244293E5D6100F1B32A /* Products */,
				E37273A22969802C007D512E /* Frameworks */,
			);
			sourceTree = "<group>";
		};
		1BD8C244293E5D6100F1B32A /* Products */ = {
			isa = PBXGroup;
			children = (
				1BD8C243293E5D6100F1B32A /* karma.app */,
				1BD8C253293E5D6300F1B32A /* karmaTests.xctest */,
				1BD8C25D293E5D6300F1B32A /* karmaUITests.xctest */,
			);
			name = Products;
			sourceTree = "<group>";
		};
		1BD8C245293E5D6100F1B32A /* karma */ = {
			isa = PBXGroup;
			children = (
				E32FBF6C2983DE1C004E9969 /* Info.plist */,
				E3933AEC298049BD0049D39B /* Info.plist */,
				E3F51F29297835BF00E66C08 /* karma.entitlements */,
				E32FE35D296424380061C907 /* karmaDebug.entitlements */,
				E339158A295DE70700945EFA /* Utils */,
				E335476129586954003444E0 /* Components */,
				E378A42029411341001CE2E2 /* Extensions */,
				E378A41D2940E271001CE2E2 /* ViewModels */,
				1BD8C274293E5DE300F1B32A /* Views */,
				1BD8C271293E5DB800F1B32A /* Services */,
				1BD8C272293E5DCB00F1B32A /* Models */,
				1BD8C246293E5D6100F1B32A /* karmaApp.swift */,
				1BD8C24A293E5D6200F1B32A /* Assets.xcassets */,
				E35215FF293F4F900074B787 /* GoogleService-Info.plist */,
				1BD8C24C293E5D6200F1B32A /* Preview Content */,
			);
			path = karma;
			sourceTree = "<group>";
		};
		1BD8C24C293E5D6200F1B32A /* Preview Content */ = {
			isa = PBXGroup;
			children = (
				1BD8C24D293E5D6200F1B32A /* Preview Assets.xcassets */,
			);
			path = "Preview Content";
			sourceTree = "<group>";
		};
		1BD8C256293E5D6300F1B32A /* karmaTests */ = {
			isa = PBXGroup;
			children = (
				1BD8C257293E5D6300F1B32A /* karmaTests.swift */,
			);
			path = karmaTests;
			sourceTree = "<group>";
		};
		1BD8C260293E5D6300F1B32A /* karmaUITests */ = {
			isa = PBXGroup;
			children = (
				1BD8C261293E5D6300F1B32A /* karmaUITests.swift */,
				1BD8C263293E5D6300F1B32A /* karmaUITestsLaunchTests.swift */,
			);
			path = karmaUITests;
			sourceTree = "<group>";
		};
		1BD8C271293E5DB800F1B32A /* Services */ = {
			isa = PBXGroup;
			children = (
				E3354770295B05A3003444E0 /* UserService.swift */,
				E334CDBA295D93E80082FC17 /* CollectionService.swift */,
				E339158D295DEF3D00945EFA /* ImageUploader.swift */,
				E32FE35E296429630061C907 /* PaymentService.swift */,
			);
			name = Services;
			path = Models/Services;
			sourceTree = "<group>";
		};
		1BD8C272293E5DCB00F1B32A /* Models */ = {
			isa = PBXGroup;
			children = (
				E3354772295B07FB003444E0 /* User.swift */,
				E334CDB8295D93840082FC17 /* Collection.swift */,
				E32FE3642964367C0061C907 /* Payment.swift */,
				1BF9AAAA2968BFBD007F4B34 /* Tab.swift */,
			);
			path = Models;
			sourceTree = "<group>";
		};
		1BD8C274293E5DE300F1B32A /* Views */ = {
			isa = PBXGroup;
			children = (
				1B658DBB293F428C00DF06DB /* LoginView.swift */,
				E34C9B262966EA0700E8FC5E /* SearchView.swift */,
				E35215F9293F399F0074B787 /* RegistrationView.swift */,
				1B6B3145294520A000779BBE /* ContentView.swift */,
				E335475F2958668B003444E0 /* ProfileView.swift */,
				E3354776295C4088003444E0 /* UploadCollectionView.swift */,
				E32FE360296435FD0061C907 /* PaymentView.swift */,
				E34C9B222964AB4E00E8FC5E /* SummaryCollectionView.swift */,
				1BE74F0129675F83006ACEF0 /* DashboardView.swift */,
				1BF9AAAC2968C2AC007F4B34 /* CustomCornerView.swift */,
				1BCB44C32969E27300205BC1 /* MainView.swift */,
				E34C47F42979AABD00F04937 /* BookmarkView.swift */,
				1B83CE47297F298D00FCEAC4 /* ImageUploaderView.swift */,
				E351CC1E297BDC4D00E74228 /* EditProfileView.swift */,
				E3EA3508297FFDD900B01978 /* EditCollectionView.swift */,
			);
			path = Views;
			sourceTree = "<group>";
		};
		E335476129586954003444E0 /* Components */ = {
			isa = PBXGroup;
			children = (
				E35215FB293F3D4F0074B787 /* CustomInputField.swift */,
				E335476429586BDD003444E0 /* RecentUserActivityView.swift */,
				E30E1DF52971D09E00B6ABAA /* ActivityCollectionView.swift */,
				E33547662959AB64003444E0 /* CollectionView.swift */,
				E32FE35B29641C9E0061C907 /* PaymentButton.swift */,
				E34C9B2A2966EE0000E8FC5E /* CollectionRowView.swift */,
				E34C9B282966EB9000E8FC5E /* UserRowView.swift */,
				E34C9B2C2966F03100E8FC5E /* SearchBar.swift */,
				1B3CD7E6298282A5002EF9BF /* iPadCustomInputField.swift */,
			);
			path = Components;
			sourceTree = "<group>";
		};
		E339158A295DE70700945EFA /* Utils */ = {
			isa = PBXGroup;
			children = (
				E339158B295DE72900945EFA /* ImagePicker.swift */,
				E32FE35929641C850061C907 /* PaymentHandler.swift */,
			);
			path = Utils;
			sourceTree = "<group>";
		};
		E37273A22969802C007D512E /* Frameworks */ = {
			isa = PBXGroup;
			children = (
			);
			name = Frameworks;
			sourceTree = "<group>";
		};
		E378A41D2940E271001CE2E2 /* ViewModels */ = {
			isa = PBXGroup;
			children = (
				E378A41E2940E29A001CE2E2 /* AuthViewModel.swift */,
				E32FE362296436600061C907 /* PaymentViewModel.swift */,
				E334CDBC295D93FE0082FC17 /* UploadCollectionViewModel.swift */,
				E334CDBE295D94190082FC17 /* ProfileViewModel.swift */,
				E36EFC51295EE12100301ED4 /* CollectionViewModel.swift */,
				1BE74EFF29675F5A006ACEF0 /* DashboardViewModel.swift */,
				E34C9B2E2967119400E8FC5E /* SearchViewModel.swift */,
				E34C9B302967188600E8FC5E /* FilterSearchViewModel.swift */,
				E3DDB18A2970AE2C008CE84B /* SummaryCollectionViewModel.swift */,
				E3DDB18C2970AF6F008CE84B /* RecentUserActivityViewModel.swift */,
				E3BA1B1D2971D1F8009945A5 /* ActivityCollectionViewModel.swift */,
				E34C47F62979AACD00F04937 /* BookmarkViewModel.swift */,
				E351CC20297BE1DB00E74228 /* EditProfileViewModel.swift */,
				E3EA350A297FFEB400B01978 /* EditCollectionViewModel.swift */,
			);
			path = ViewModels;
			sourceTree = "<group>";
		};
		E378A42029411341001CE2E2 /* Extensions */ = {
			isa = PBXGroup;
			children = (
				E378A4212941135A001CE2E2 /* Color.swift */,
				E3A8D0C5295F95B200C029C1 /* Float.swift */,
			);
			path = Extensions;
			sourceTree = "<group>";
		};
/* End PBXGroup section */

/* Begin PBXNativeTarget section */
		1BD8C242293E5D6100F1B32A /* karma */ = {
			isa = PBXNativeTarget;
			buildConfigurationList = 1BD8C267293E5D6300F1B32A /* Build configuration list for PBXNativeTarget "karma" */;
			buildPhases = (
				1BD8C23F293E5D6100F1B32A /* Sources */,
				1BD8C240293E5D6100F1B32A /* Frameworks */,
				1BD8C241293E5D6100F1B32A /* Resources */,
			);
			buildRules = (
			);
			dependencies = (
			);
			name = karma;
			packageProductDependencies = (
				E3521602293F51B30074B787 /* FirebaseAuth */,
				E3521604293F51B30074B787 /* FirebaseFirestore */,
				E3521606293F51B30074B787 /* FirebaseFirestoreSwift */,
				E3521608293F51B30074B787 /* FirebaseStorage */,
				E36EFC4F295ED26B00301ED4 /* Kingfisher */,
				E37273A32969802C007D512E /* FirebaseDatabase */,
				E37273A52969803A007D512E /* FirebaseDatabaseSwift */,
			);
			productName = karma;
			productReference = 1BD8C243293E5D6100F1B32A /* karma.app */;
			productType = "com.apple.product-type.application";
		};
		1BD8C252293E5D6300F1B32A /* karmaTests */ = {
			isa = PBXNativeTarget;
			buildConfigurationList = 1BD8C26A293E5D6300F1B32A /* Build configuration list for PBXNativeTarget "karmaTests" */;
			buildPhases = (
				1BD8C24F293E5D6300F1B32A /* Sources */,
				1BD8C250293E5D6300F1B32A /* Frameworks */,
				1BD8C251293E5D6300F1B32A /* Resources */,
			);
			buildRules = (
			);
			dependencies = (
				1BD8C255293E5D6300F1B32A /* PBXTargetDependency */,
			);
			name = karmaTests;
			packageProductDependencies = (
				1B78B170298417A100268661 /* FirebaseAppCheck */,
				1B78B172298417A100268661 /* FirebaseAuth */,
				1B78B174298417A100268661 /* FirebaseDatabase */,
				1B78B176298417A100268661 /* FirebaseDatabaseSwift */,
				1B78B178298417A100268661 /* FirebaseFirestore */,
				1B78B17A298417A100268661 /* FirebaseFirestoreSwift */,
				1B78B17C298417A100268661 /* FirebaseStorage */,
				1B0DD373298557BF002FAB53 /* Kingfisher */,
			);
			productName = karmaTests;
			productReference = 1BD8C253293E5D6300F1B32A /* karmaTests.xctest */;
			productType = "com.apple.product-type.bundle.unit-test";
		};
		1BD8C25C293E5D6300F1B32A /* karmaUITests */ = {
			isa = PBXNativeTarget;
			buildConfigurationList = 1BD8C26D293E5D6300F1B32A /* Build configuration list for PBXNativeTarget "karmaUITests" */;
			buildPhases = (
				1BD8C259293E5D6300F1B32A /* Sources */,
				1BD8C25A293E5D6300F1B32A /* Frameworks */,
				1BD8C25B293E5D6300F1B32A /* Resources */,
			);
			buildRules = (
			);
			dependencies = (
				1BD8C25F293E5D6300F1B32A /* PBXTargetDependency */,
			);
			name = karmaUITests;
			packageProductDependencies = (
				1B78B160298416AC00268661 /* FirebaseAuth */,
				1B78B162298416AC00268661 /* FirebaseFirestore */,
				1B78B164298416AC00268661 /* FirebaseFirestoreSwift */,
				1B78B166298416AC00268661 /* Kingfisher */,
				1B78B1682984171C00268661 /* FirebaseAppCheck */,
				1B78B16A2984171C00268661 /* FirebaseDatabase */,
				1B78B16C2984171C00268661 /* FirebaseDatabaseSwift */,
				1B78B16E2984171C00268661 /* FirebaseStorage */,
			);
			productName = karmaUITests;
			productReference = 1BD8C25D293E5D6300F1B32A /* karmaUITests.xctest */;
			productType = "com.apple.product-type.bundle.ui-testing";
		};
/* End PBXNativeTarget section */

/* Begin PBXProject section */
		1BD8C23B293E5D6100F1B32A /* Project object */ = {
			isa = PBXProject;
			attributes = {
				BuildIndependentTargetsInParallel = 1;
				LastSwiftUpdateCheck = 1410;
				LastUpgradeCheck = 1420;
				TargetAttributes = {
					1BD8C242293E5D6100F1B32A = {
						CreatedOnToolsVersion = 14.1;
					};
					1BD8C252293E5D6300F1B32A = {
						CreatedOnToolsVersion = 14.1;
						TestTargetID = 1BD8C242293E5D6100F1B32A;
					};
					1BD8C25C293E5D6300F1B32A = {
						CreatedOnToolsVersion = 14.1;
						TestTargetID = 1BD8C242293E5D6100F1B32A;
					};
				};
			};
			buildConfigurationList = 1BD8C23E293E5D6100F1B32A /* Build configuration list for PBXProject "karma" */;
			compatibilityVersion = "Xcode 14.0";
			developmentRegion = en;
			hasScannedForEncodings = 0;
			knownRegions = (
				en,
				Base,
			);
			mainGroup = 1BD8C23A293E5D6100F1B32A;
			packageReferences = (
				E3521601293F51B20074B787 /* XCRemoteSwiftPackageReference "firebase-ios-sdk" */,
				E36EFC4E295ED26B00301ED4 /* XCRemoteSwiftPackageReference "Kingfisher" */,
			);
			productRefGroup = 1BD8C244293E5D6100F1B32A /* Products */;
			projectDirPath = "";
			projectRoot = "";
			targets = (
				1BD8C242293E5D6100F1B32A /* karma */,
				1BD8C252293E5D6300F1B32A /* karmaTests */,
				1BD8C25C293E5D6300F1B32A /* karmaUITests */,
			);
		};
/* End PBXProject section */

/* Begin PBXResourcesBuildPhase section */
		1BD8C241293E5D6100F1B32A /* Resources */ = {
			isa = PBXResourcesBuildPhase;
			buildActionMask = 2147483647;
			files = (
				1BD8C24E293E5D6200F1B32A /* Preview Assets.xcassets in Resources */,
				1BD8C24B293E5D6200F1B32A /* Assets.xcassets in Resources */,
				E3521600293F4F910074B787 /* GoogleService-Info.plist in Resources */,
			);
			runOnlyForDeploymentPostprocessing = 0;
		};
		1BD8C251293E5D6300F1B32A /* Resources */ = {
			isa = PBXResourcesBuildPhase;
			buildActionMask = 2147483647;
			files = (
				1B78B1B129841A6D00268661 /* GoogleService-Info.plist in Resources */,
			);
			runOnlyForDeploymentPostprocessing = 0;
		};
		1BD8C25B293E5D6300F1B32A /* Resources */ = {
			isa = PBXResourcesBuildPhase;
			buildActionMask = 2147483647;
			files = (
				1B78B1B229841A7400268661 /* GoogleService-Info.plist in Resources */,
			);
			runOnlyForDeploymentPostprocessing = 0;
		};
/* End PBXResourcesBuildPhase section */

/* Begin PBXSourcesBuildPhase section */
		1BD8C23F293E5D6100F1B32A /* Sources */ = {
			isa = PBXSourcesBuildPhase;
			buildActionMask = 2147483647;
			files = (
				E34C9B2D2966F03100E8FC5E /* SearchBar.swift in Sources */,
				E3354771295B05A3003444E0 /* UserService.swift in Sources */,
				E335476529586BDD003444E0 /* RecentUserActivityView.swift in Sources */,
				E3BA1B1E2971D1F8009945A5 /* ActivityCollectionViewModel.swift in Sources */,
				1BCB44C42969E27300205BC1 /* MainView.swift in Sources */,
				E36EFC52295EE12100301ED4 /* CollectionViewModel.swift in Sources */,
				1B3CD7E7298282A5002EF9BF /* iPadCustomInputField.swift in Sources */,
				E34C9B2F2967119400E8FC5E /* SearchViewModel.swift in Sources */,
				E32FE35A29641C850061C907 /* PaymentHandler.swift in Sources */,
				E33547672959AB64003444E0 /* CollectionView.swift in Sources */,
				E34C9B232964AB4E00E8FC5E /* SummaryCollectionView.swift in Sources */,
				1BE74F0029675F5A006ACEF0 /* DashboardViewModel.swift in Sources */,
				E34C9B272966EA0700E8FC5E /* SearchView.swift in Sources */,
				E32FE3652964367C0061C907 /* Payment.swift in Sources */,
				E3A8D0C6295F95B200C029C1 /* Float.swift in Sources */,
				E32FE35F296429630061C907 /* PaymentService.swift in Sources */,
				E34C47F52979AABD00F04937 /* BookmarkView.swift in Sources */,
				E339158E295DEF3D00945EFA /* ImageUploader.swift in Sources */,
				E378A41F2940E29A001CE2E2 /* AuthViewModel.swift in Sources */,
				1BF9AAAB2968BFBD007F4B34 /* Tab.swift in Sources */,
				1BE74F0229675F83006ACEF0 /* DashboardView.swift in Sources */,
				E34C9B312967188600E8FC5E /* FilterSearchViewModel.swift in Sources */,
				E334CDBF295D94190082FC17 /* ProfileViewModel.swift in Sources */,
				E3DDB18B2970AE2C008CE84B /* SummaryCollectionViewModel.swift in Sources */,
				1BF9AAAD2968C2AC007F4B34 /* CustomCornerView.swift in Sources */,
				E3354777295C4088003444E0 /* UploadCollectionView.swift in Sources */,
				E32FE361296435FD0061C907 /* PaymentView.swift in Sources */,
				E334CDBD295D93FE0082FC17 /* UploadCollectionViewModel.swift in Sources */,
				E351CC1F297BDC4E00E74228 /* EditProfileView.swift in Sources */,
				E33547602958668B003444E0 /* ProfileView.swift in Sources */,
				E35215FA293F399F0074B787 /* RegistrationView.swift in Sources */,
				E351CC21297BE1DB00E74228 /* EditProfileViewModel.swift in Sources */,
				E32FE363296436600061C907 /* PaymentViewModel.swift in Sources */,
				E34C47F72979AACD00F04937 /* BookmarkViewModel.swift in Sources */,
				E334CDB9295D93840082FC17 /* Collection.swift in Sources */,
				E34C9B292966EB9000E8FC5E /* UserRowView.swift in Sources */,
				E339158C295DE72900945EFA /* ImagePicker.swift in Sources */,
				E3354773295B07FB003444E0 /* User.swift in Sources */,
				1B6B3146294520A000779BBE /* ContentView.swift in Sources */,
				1B658DBC293F428C00DF06DB /* LoginView.swift in Sources */,
				E3EA350B297FFEB400B01978 /* EditCollectionViewModel.swift in Sources */,
				1BD8C247293E5D6100F1B32A /* karmaApp.swift in Sources */,
				E32FE35C29641C9E0061C907 /* PaymentButton.swift in Sources */,
				E30E1DF62971D09E00B6ABAA /* ActivityCollectionView.swift in Sources */,
				E378A4222941135A001CE2E2 /* Color.swift in Sources */,
				E34C9B2B2966EE0000E8FC5E /* CollectionRowView.swift in Sources */,
				1B83CE48297F298D00FCEAC4 /* ImageUploaderView.swift in Sources */,
				E3DDB18D2970AF6F008CE84B /* RecentUserActivityViewModel.swift in Sources */,
				E334CDBB295D93E80082FC17 /* CollectionService.swift in Sources */,
				E35215FC293F3D4F0074B787 /* CustomInputField.swift in Sources */,
				E3EA3509297FFDD900B01978 /* EditCollectionView.swift in Sources */,
			);
			runOnlyForDeploymentPostprocessing = 0;
		};
		1BD8C24F293E5D6300F1B32A /* Sources */ = {
			isa = PBXSourcesBuildPhase;
			buildActionMask = 2147483647;
			files = (
				1B78B17E298417AB00268661 /* ImagePicker.swift in Sources */,
				1B78B17F298417AB00268661 /* PaymentHandler.swift in Sources */,
				1B78B180298417AB00268661 /* CustomInputField.swift in Sources */,
				1B78B181298417AB00268661 /* RecentUserActivityView.swift in Sources */,
				1B78B182298417AB00268661 /* ActivityCollectionView.swift in Sources */,
				1B78B183298417AB00268661 /* CollectionView.swift in Sources */,
				1B78B184298417AB00268661 /* PaymentButton.swift in Sources */,
				1B78B185298417AB00268661 /* CollectionRowView.swift in Sources */,
				1B78B186298417AB00268661 /* UserRowView.swift in Sources */,
				1B78B187298417AB00268661 /* SearchBar.swift in Sources */,
				1B78B188298417AB00268661 /* iPadCustomInputField.swift in Sources */,
				1B78B189298417AB00268661 /* Color.swift in Sources */,
				1B78B18A298417AB00268661 /* Float.swift in Sources */,
				1B78B18B298417AB00268661 /* AuthViewModel.swift in Sources */,
				1B78B18C298417AB00268661 /* PaymentViewModel.swift in Sources */,
				1B78B18D298417AB00268661 /* UploadCollectionViewModel.swift in Sources */,
				1B78B18E298417AB00268661 /* ProfileViewModel.swift in Sources */,
				1B78B18F298417AB00268661 /* CollectionViewModel.swift in Sources */,
				1B78B190298417AB00268661 /* DashboardViewModel.swift in Sources */,
				1B78B191298417AB00268661 /* SearchViewModel.swift in Sources */,
				1B78B192298417AB00268661 /* FilterSearchViewModel.swift in Sources */,
				1B78B193298417AB00268661 /* SummaryCollectionViewModel.swift in Sources */,
				1B78B194298417AB00268661 /* RecentUserActivityViewModel.swift in Sources */,
				1B78B195298417AB00268661 /* ActivityCollectionViewModel.swift in Sources */,
				1B78B196298417AB00268661 /* BookmarkViewModel.swift in Sources */,
				1B78B197298417AB00268661 /* EditProfileViewModel.swift in Sources */,
				1B78B198298417AB00268661 /* EditCollectionViewModel.swift in Sources */,
				1B78B199298417AB00268661 /* LoginView.swift in Sources */,
				1B78B19A298417AB00268661 /* SearchView.swift in Sources */,
				1B78B19B298417AB00268661 /* RegistrationView.swift in Sources */,
				1B78B19C298417AB00268661 /* ContentView.swift in Sources */,
				1B78B19D298417AB00268661 /* ProfileView.swift in Sources */,
				1B78B19E298417AB00268661 /* UploadCollectionView.swift in Sources */,
				1B78B19F298417AB00268661 /* PaymentView.swift in Sources */,
				1B78B1A0298417AB00268661 /* SummaryCollectionView.swift in Sources */,
				1B78B1A1298417AB00268661 /* DashboardView.swift in Sources */,
				1B78B1A2298417AB00268661 /* CustomCornerView.swift in Sources */,
				1B78B1A3298417AB00268661 /* MainView.swift in Sources */,
				1B78B1A4298417AB00268661 /* BookmarkView.swift in Sources */,
				1B78B1A5298417AB00268661 /* ImageUploaderView.swift in Sources */,
				1B78B1A6298417AB00268661 /* EditProfileView.swift in Sources */,
				1B78B1A7298417AB00268661 /* EditCollectionView.swift in Sources */,
				1B78B1A8298417AB00268661 /* UserService.swift in Sources */,
				1B78B1A9298417AB00268661 /* CollectionService.swift in Sources */,
				1B78B1AA298417AB00268661 /* ImageUploader.swift in Sources */,
				1B78B1AB298417AB00268661 /* PaymentService.swift in Sources */,
				1B78B1AC298417AB00268661 /* User.swift in Sources */,
				1B78B1AD298417AB00268661 /* Collection.swift in Sources */,
				1B78B1AE298417AB00268661 /* Payment.swift in Sources */,
				1B78B1AF298417AB00268661 /* Tab.swift in Sources */,
				1B78B1B0298417AB00268661 /* karmaApp.swift in Sources */,
				1BD8C258293E5D6300F1B32A /* karmaTests.swift in Sources */,
			);
			runOnlyForDeploymentPostprocessing = 0;
		};
		1BD8C259293E5D6300F1B32A /* Sources */ = {
			isa = PBXSourcesBuildPhase;
			buildActionMask = 2147483647;
			files = (
				1B78B12D2984168A00268661 /* ImagePicker.swift in Sources */,
				1B78B12E2984168A00268661 /* PaymentHandler.swift in Sources */,
				1B78B12F2984168A00268661 /* CustomInputField.swift in Sources */,
				1B78B1302984168A00268661 /* RecentUserActivityView.swift in Sources */,
				1B78B1312984168A00268661 /* ActivityCollectionView.swift in Sources */,
				1B78B1322984168A00268661 /* CollectionView.swift in Sources */,
				1B78B1332984168A00268661 /* PaymentButton.swift in Sources */,
				1B78B1342984168A00268661 /* CollectionRowView.swift in Sources */,
				1B78B1352984168A00268661 /* UserRowView.swift in Sources */,
				1B78B1362984168A00268661 /* SearchBar.swift in Sources */,
				1B78B1372984168A00268661 /* iPadCustomInputField.swift in Sources */,
				1B78B1382984168A00268661 /* Color.swift in Sources */,
				1B78B1392984168A00268661 /* Float.swift in Sources */,
				1B78B13A2984168A00268661 /* AuthViewModel.swift in Sources */,
				1B78B13B2984168A00268661 /* PaymentViewModel.swift in Sources */,
				1B78B13C2984168A00268661 /* UploadCollectionViewModel.swift in Sources */,
				1B78B13D2984168A00268661 /* ProfileViewModel.swift in Sources */,
				1B78B13E2984168A00268661 /* CollectionViewModel.swift in Sources */,
				1B78B13F2984168A00268661 /* DashboardViewModel.swift in Sources */,
				1B78B1402984168A00268661 /* SearchViewModel.swift in Sources */,
				1B78B1412984168A00268661 /* FilterSearchViewModel.swift in Sources */,
				1B78B1422984168A00268661 /* SummaryCollectionViewModel.swift in Sources */,
				1B78B1432984168A00268661 /* RecentUserActivityViewModel.swift in Sources */,
				1B78B1442984168A00268661 /* ActivityCollectionViewModel.swift in Sources */,
				1B78B1452984168A00268661 /* BookmarkViewModel.swift in Sources */,
				1B78B1462984168A00268661 /* EditProfileViewModel.swift in Sources */,
				1B78B1472984168A00268661 /* EditCollectionViewModel.swift in Sources */,
				1B78B1482984168A00268661 /* LoginView.swift in Sources */,
				1B78B1492984168A00268661 /* SearchView.swift in Sources */,
				1B78B14A2984168A00268661 /* RegistrationView.swift in Sources */,
				1B78B14B2984168A00268661 /* ContentView.swift in Sources */,
				1B78B14C2984168A00268661 /* ProfileView.swift in Sources */,
				1B78B14D2984168A00268661 /* UploadCollectionView.swift in Sources */,
				1B78B14E2984168A00268661 /* PaymentView.swift in Sources */,
				1B78B14F2984168A00268661 /* SummaryCollectionView.swift in Sources */,
				1B78B1502984168A00268661 /* DashboardView.swift in Sources */,
				1B78B1512984168A00268661 /* CustomCornerView.swift in Sources */,
				1B78B1522984168A00268661 /* MainView.swift in Sources */,
				1B78B1532984168A00268661 /* BookmarkView.swift in Sources */,
				1B78B1542984168A00268661 /* ImageUploaderView.swift in Sources */,
				1B78B1552984168B00268661 /* EditProfileView.swift in Sources */,
				1B78B1562984168B00268661 /* EditCollectionView.swift in Sources */,
				1B78B1572984168B00268661 /* UserService.swift in Sources */,
				1B78B1582984168B00268661 /* CollectionService.swift in Sources */,
				1B78B1592984168B00268661 /* ImageUploader.swift in Sources */,
				1B78B15A2984168B00268661 /* PaymentService.swift in Sources */,
				1B78B15B2984168B00268661 /* User.swift in Sources */,
				1B78B15C2984168B00268661 /* Collection.swift in Sources */,
				1B78B15D2984168B00268661 /* Payment.swift in Sources */,
				1B78B15E2984168B00268661 /* Tab.swift in Sources */,
				1B78B15F2984168B00268661 /* karmaApp.swift in Sources */,
				1BD8C262293E5D6300F1B32A /* karmaUITests.swift in Sources */,
				1BD8C264293E5D6300F1B32A /* karmaUITestsLaunchTests.swift in Sources */,
			);
			runOnlyForDeploymentPostprocessing = 0;
		};
/* End PBXSourcesBuildPhase section */

/* Begin PBXTargetDependency section */
		1BD8C255293E5D6300F1B32A /* PBXTargetDependency */ = {
			isa = PBXTargetDependency;
			target = 1BD8C242293E5D6100F1B32A /* karma */;
			targetProxy = 1BD8C254293E5D6300F1B32A /* PBXContainerItemProxy */;
		};
		1BD8C25F293E5D6300F1B32A /* PBXTargetDependency */ = {
			isa = PBXTargetDependency;
			target = 1BD8C242293E5D6100F1B32A /* karma */;
			targetProxy = 1BD8C25E293E5D6300F1B32A /* PBXContainerItemProxy */;
		};
/* End PBXTargetDependency section */

/* Begin XCBuildConfiguration section */
		1B0DD36F298553E6002FAB53 /* Emulators */ = {
			isa = XCBuildConfiguration;
			buildSettings = {
				ALWAYS_SEARCH_USER_PATHS = NO;
				CLANG_ANALYZER_NONNULL = YES;
				CLANG_ANALYZER_NUMBER_OBJECT_CONVERSION = YES_AGGRESSIVE;
				CLANG_CXX_LANGUAGE_STANDARD = "gnu++20";
				CLANG_ENABLE_MODULES = YES;
				CLANG_ENABLE_OBJC_ARC = YES;
				CLANG_ENABLE_OBJC_WEAK = YES;
				CLANG_WARN_BLOCK_CAPTURE_AUTORELEASING = YES;
				CLANG_WARN_BOOL_CONVERSION = YES;
				CLANG_WARN_COMMA = YES;
				CLANG_WARN_CONSTANT_CONVERSION = YES;
				CLANG_WARN_DEPRECATED_OBJC_IMPLEMENTATIONS = YES;
				CLANG_WARN_DIRECT_OBJC_ISA_USAGE = YES_ERROR;
				CLANG_WARN_DOCUMENTATION_COMMENTS = YES;
				CLANG_WARN_EMPTY_BODY = YES;
				CLANG_WARN_ENUM_CONVERSION = YES;
				CLANG_WARN_INFINITE_RECURSION = YES;
				CLANG_WARN_INT_CONVERSION = YES;
				CLANG_WARN_NON_LITERAL_NULL_CONVERSION = YES;
				CLANG_WARN_OBJC_IMPLICIT_RETAIN_SELF = YES;
				CLANG_WARN_OBJC_LITERAL_CONVERSION = YES;
				CLANG_WARN_OBJC_ROOT_CLASS = YES_ERROR;
				CLANG_WARN_QUOTED_INCLUDE_IN_FRAMEWORK_HEADER = YES;
				CLANG_WARN_RANGE_LOOP_ANALYSIS = YES;
				CLANG_WARN_STRICT_PROTOTYPES = YES;
				CLANG_WARN_SUSPICIOUS_MOVE = YES;
				CLANG_WARN_UNGUARDED_AVAILABILITY = YES_AGGRESSIVE;
				CLANG_WARN_UNREACHABLE_CODE = YES;
				CLANG_WARN__DUPLICATE_METHOD_MATCH = YES;
				COPY_PHASE_STRIP = NO;
				DEBUG_INFORMATION_FORMAT = dwarf;
				ENABLE_STRICT_OBJC_MSGSEND = YES;
				ENABLE_TESTABILITY = YES;
				GCC_C_LANGUAGE_STANDARD = gnu11;
				GCC_DYNAMIC_NO_PIC = NO;
				GCC_NO_COMMON_BLOCKS = YES;
				GCC_OPTIMIZATION_LEVEL = 0;
				GCC_PREPROCESSOR_DEFINITIONS = (
					"DEBUG=1",
					"$(inherited)",
				);
				GCC_WARN_64_TO_32_BIT_CONVERSION = YES;
				GCC_WARN_ABOUT_RETURN_TYPE = YES_ERROR;
				GCC_WARN_UNDECLARED_SELECTOR = YES;
				GCC_WARN_UNINITIALIZED_AUTOS = YES_AGGRESSIVE;
				GCC_WARN_UNUSED_FUNCTION = YES;
				GCC_WARN_UNUSED_VARIABLE = YES;
				IPHONEOS_DEPLOYMENT_TARGET = 16.1;
				MTL_ENABLE_DEBUG_INFO = INCLUDE_SOURCE;
				MTL_FAST_MATH = YES;
				ONLY_ACTIVE_ARCH = YES;
				OTHER_SWIFT_FLAGS = "-D EMULATORS";
				SDKROOT = iphoneos;
				SWIFT_ACTIVE_COMPILATION_CONDITIONS = DEBUG;
				SWIFT_OPTIMIZATION_LEVEL = "-Onone";
			};
			name = Emulators;
		};
		1B0DD370298553E6002FAB53 /* Emulators */ = {
			isa = XCBuildConfiguration;
			buildSettings = {
				ASSETCATALOG_COMPILER_APPICON_NAME = AppIcon;
				ASSETCATALOG_COMPILER_GLOBAL_ACCENT_COLOR_NAME = AccentColor;
				CODE_SIGN_ENTITLEMENTS = karma/karmaDebug.entitlements;
				CODE_SIGN_IDENTITY = "Apple Development";
				CODE_SIGN_STYLE = Automatic;
				CURRENT_PROJECT_VERSION = 1;
				DEVELOPMENT_ASSET_PATHS = "\"karma/Preview Content\"";
				DEVELOPMENT_TEAM = EDG8TGNYUA;
				ENABLE_PREVIEWS = YES;
				GENERATE_INFOPLIST_FILE = YES;
				INFOPLIST_FILE = "";
				INFOPLIST_KEY_CFBundleDisplayName = Karma;
				INFOPLIST_KEY_LSApplicationCategoryType = "public.app-category.finance";
				INFOPLIST_KEY_UILaunchScreen_Generation = YES;
				INFOPLIST_KEY_UIRequiresFullScreen = NO;
				INFOPLIST_KEY_UISupportedInterfaceOrientations = UIInterfaceOrientationPortrait;
				INFOPLIST_KEY_UISupportedInterfaceOrientations_iPad = "UIInterfaceOrientationLandscapeLeft UIInterfaceOrientationLandscapeRight UIInterfaceOrientationPortrait";
				LD_RUNPATH_SEARCH_PATHS = (
					"$(inherited)",
					"@executable_path/Frameworks",
				);
				MARKETING_VERSION = 1.0;
				PRODUCT_BUNDLE_IDENTIFIER = it.polimi.deepse.demasibucaioni;
				PRODUCT_NAME = "$(TARGET_NAME)";
				PROVISIONING_PROFILE_SPECIFIER = "";
				SWIFT_EMIT_LOC_STRINGS = YES;
				SWIFT_VERSION = 5.0;
				TARGETED_DEVICE_FAMILY = "1,2";
			};
			name = Emulators;
		};
		1B0DD371298553E6002FAB53 /* Emulators */ = {
			isa = XCBuildConfiguration;
			buildSettings = {
				ALWAYS_EMBED_SWIFT_STANDARD_LIBRARIES = YES;
				BUNDLE_LOADER = "$(TEST_HOST)";
				CODE_SIGN_STYLE = Automatic;
				CURRENT_PROJECT_VERSION = 1;
				GENERATE_INFOPLIST_FILE = NO;
				INFOPLIST_FILE = karmaTests/Info.plist;
				IPHONEOS_DEPLOYMENT_TARGET = 16.1;
				MARKETING_VERSION = 1.0;
				PRODUCT_BUNDLE_IDENTIFIER = dima.karmaTests;
				PRODUCT_NAME = "$(TARGET_NAME)";
				SWIFT_EMIT_LOC_STRINGS = NO;
				SWIFT_VERSION = 5.0;
				TARGETED_DEVICE_FAMILY = "1,2";
				TEST_HOST = "$(BUILT_PRODUCTS_DIR)/karma.app/$(BUNDLE_EXECUTABLE_FOLDER_PATH)/karma";
			};
			name = Emulators;
		};
		1B0DD372298553E6002FAB53 /* Emulators */ = {
			isa = XCBuildConfiguration;
			buildSettings = {
				ALWAYS_EMBED_SWIFT_STANDARD_LIBRARIES = YES;
				CODE_SIGN_STYLE = Automatic;
				CURRENT_PROJECT_VERSION = 1;
				GENERATE_INFOPLIST_FILE = YES;
				MARKETING_VERSION = 1.0;
				PRODUCT_BUNDLE_IDENTIFIER = dima.karmaUITests;
				PRODUCT_NAME = "$(TARGET_NAME)";
				SWIFT_EMIT_LOC_STRINGS = NO;
				SWIFT_VERSION = 5.0;
				TARGETED_DEVICE_FAMILY = "1,2";
				TEST_TARGET_NAME = karma;
			};
			name = Emulators;
		};
		1BD8C265293E5D6300F1B32A /* Debug */ = {
			isa = XCBuildConfiguration;
			buildSettings = {
				ALWAYS_SEARCH_USER_PATHS = NO;
				CLANG_ANALYZER_NONNULL = YES;
				CLANG_ANALYZER_NUMBER_OBJECT_CONVERSION = YES_AGGRESSIVE;
				CLANG_CXX_LANGUAGE_STANDARD = "gnu++20";
				CLANG_ENABLE_MODULES = YES;
				CLANG_ENABLE_OBJC_ARC = YES;
				CLANG_ENABLE_OBJC_WEAK = YES;
				CLANG_WARN_BLOCK_CAPTURE_AUTORELEASING = YES;
				CLANG_WARN_BOOL_CONVERSION = YES;
				CLANG_WARN_COMMA = YES;
				CLANG_WARN_CONSTANT_CONVERSION = YES;
				CLANG_WARN_DEPRECATED_OBJC_IMPLEMENTATIONS = YES;
				CLANG_WARN_DIRECT_OBJC_ISA_USAGE = YES_ERROR;
				CLANG_WARN_DOCUMENTATION_COMMENTS = YES;
				CLANG_WARN_EMPTY_BODY = YES;
				CLANG_WARN_ENUM_CONVERSION = YES;
				CLANG_WARN_INFINITE_RECURSION = YES;
				CLANG_WARN_INT_CONVERSION = YES;
				CLANG_WARN_NON_LITERAL_NULL_CONVERSION = YES;
				CLANG_WARN_OBJC_IMPLICIT_RETAIN_SELF = YES;
				CLANG_WARN_OBJC_LITERAL_CONVERSION = YES;
				CLANG_WARN_OBJC_ROOT_CLASS = YES_ERROR;
				CLANG_WARN_QUOTED_INCLUDE_IN_FRAMEWORK_HEADER = YES;
				CLANG_WARN_RANGE_LOOP_ANALYSIS = YES;
				CLANG_WARN_STRICT_PROTOTYPES = YES;
				CLANG_WARN_SUSPICIOUS_MOVE = YES;
				CLANG_WARN_UNGUARDED_AVAILABILITY = YES_AGGRESSIVE;
				CLANG_WARN_UNREACHABLE_CODE = YES;
				CLANG_WARN__DUPLICATE_METHOD_MATCH = YES;
				COPY_PHASE_STRIP = NO;
				DEBUG_INFORMATION_FORMAT = dwarf;
				ENABLE_STRICT_OBJC_MSGSEND = YES;
				ENABLE_TESTABILITY = YES;
				GCC_C_LANGUAGE_STANDARD = gnu11;
				GCC_DYNAMIC_NO_PIC = NO;
				GCC_NO_COMMON_BLOCKS = YES;
				GCC_OPTIMIZATION_LEVEL = 0;
				GCC_PREPROCESSOR_DEFINITIONS = (
					"DEBUG=1",
					"$(inherited)",
				);
				GCC_WARN_64_TO_32_BIT_CONVERSION = YES;
				GCC_WARN_ABOUT_RETURN_TYPE = YES_ERROR;
				GCC_WARN_UNDECLARED_SELECTOR = YES;
				GCC_WARN_UNINITIALIZED_AUTOS = YES_AGGRESSIVE;
				GCC_WARN_UNUSED_FUNCTION = YES;
				GCC_WARN_UNUSED_VARIABLE = YES;
				IPHONEOS_DEPLOYMENT_TARGET = 16.1;
				MTL_ENABLE_DEBUG_INFO = INCLUDE_SOURCE;
				MTL_FAST_MATH = YES;
				ONLY_ACTIVE_ARCH = YES;
				SDKROOT = iphoneos;
				SWIFT_ACTIVE_COMPILATION_CONDITIONS = DEBUG;
				SWIFT_OPTIMIZATION_LEVEL = "-Onone";
			};
			name = Debug;
		};
		1BD8C266293E5D6300F1B32A /* Release */ = {
			isa = XCBuildConfiguration;
			buildSettings = {
				ALWAYS_SEARCH_USER_PATHS = NO;
				CLANG_ANALYZER_NONNULL = YES;
				CLANG_ANALYZER_NUMBER_OBJECT_CONVERSION = YES_AGGRESSIVE;
				CLANG_CXX_LANGUAGE_STANDARD = "gnu++20";
				CLANG_ENABLE_MODULES = YES;
				CLANG_ENABLE_OBJC_ARC = YES;
				CLANG_ENABLE_OBJC_WEAK = YES;
				CLANG_WARN_BLOCK_CAPTURE_AUTORELEASING = YES;
				CLANG_WARN_BOOL_CONVERSION = YES;
				CLANG_WARN_COMMA = YES;
				CLANG_WARN_CONSTANT_CONVERSION = YES;
				CLANG_WARN_DEPRECATED_OBJC_IMPLEMENTATIONS = YES;
				CLANG_WARN_DIRECT_OBJC_ISA_USAGE = YES_ERROR;
				CLANG_WARN_DOCUMENTATION_COMMENTS = YES;
				CLANG_WARN_EMPTY_BODY = YES;
				CLANG_WARN_ENUM_CONVERSION = YES;
				CLANG_WARN_INFINITE_RECURSION = YES;
				CLANG_WARN_INT_CONVERSION = YES;
				CLANG_WARN_NON_LITERAL_NULL_CONVERSION = YES;
				CLANG_WARN_OBJC_IMPLICIT_RETAIN_SELF = YES;
				CLANG_WARN_OBJC_LITERAL_CONVERSION = YES;
				CLANG_WARN_OBJC_ROOT_CLASS = YES_ERROR;
				CLANG_WARN_QUOTED_INCLUDE_IN_FRAMEWORK_HEADER = YES;
				CLANG_WARN_RANGE_LOOP_ANALYSIS = YES;
				CLANG_WARN_STRICT_PROTOTYPES = YES;
				CLANG_WARN_SUSPICIOUS_MOVE = YES;
				CLANG_WARN_UNGUARDED_AVAILABILITY = YES_AGGRESSIVE;
				CLANG_WARN_UNREACHABLE_CODE = YES;
				CLANG_WARN__DUPLICATE_METHOD_MATCH = YES;
				COPY_PHASE_STRIP = NO;
				DEBUG_INFORMATION_FORMAT = "dwarf-with-dsym";
				ENABLE_NS_ASSERTIONS = NO;
				ENABLE_STRICT_OBJC_MSGSEND = YES;
				GCC_C_LANGUAGE_STANDARD = gnu11;
				GCC_NO_COMMON_BLOCKS = YES;
				GCC_WARN_64_TO_32_BIT_CONVERSION = YES;
				GCC_WARN_ABOUT_RETURN_TYPE = YES_ERROR;
				GCC_WARN_UNDECLARED_SELECTOR = YES;
				GCC_WARN_UNINITIALIZED_AUTOS = YES_AGGRESSIVE;
				GCC_WARN_UNUSED_FUNCTION = YES;
				GCC_WARN_UNUSED_VARIABLE = YES;
				IPHONEOS_DEPLOYMENT_TARGET = 16.1;
				MTL_ENABLE_DEBUG_INFO = NO;
				MTL_FAST_MATH = YES;
				SDKROOT = iphoneos;
				SWIFT_COMPILATION_MODE = wholemodule;
				SWIFT_OPTIMIZATION_LEVEL = "-O";
				VALIDATE_PRODUCT = YES;
			};
			name = Release;
		};
		1BD8C268293E5D6300F1B32A /* Debug */ = {
			isa = XCBuildConfiguration;
			buildSettings = {
				ASSETCATALOG_COMPILER_APPICON_NAME = AppIcon;
				ASSETCATALOG_COMPILER_GLOBAL_ACCENT_COLOR_NAME = AccentColor;
				CODE_SIGN_ENTITLEMENTS = karma/karmaDebug.entitlements;
				CODE_SIGN_IDENTITY = "Apple Development";
				CODE_SIGN_STYLE = Automatic;
				CURRENT_PROJECT_VERSION = 1;
				DEVELOPMENT_ASSET_PATHS = "\"karma/Preview Content\"";
				DEVELOPMENT_TEAM = EDG8TGNYUA;
				ENABLE_PREVIEWS = YES;
				GENERATE_INFOPLIST_FILE = YES;
				INFOPLIST_FILE = "";
				INFOPLIST_KEY_CFBundleDisplayName = Karma;
				INFOPLIST_KEY_LSApplicationCategoryType = "public.app-category.finance";
				INFOPLIST_KEY_UILaunchScreen_Generation = YES;
				INFOPLIST_KEY_UIRequiresFullScreen = NO;
				INFOPLIST_KEY_UISupportedInterfaceOrientations = UIInterfaceOrientationPortrait;
				INFOPLIST_KEY_UISupportedInterfaceOrientations_iPad = "UIInterfaceOrientationLandscapeLeft UIInterfaceOrientationLandscapeRight UIInterfaceOrientationPortrait";
				LD_RUNPATH_SEARCH_PATHS = (
					"$(inherited)",
					"@executable_path/Frameworks",
				);
				MARKETING_VERSION = 1.0;
				PRODUCT_BUNDLE_IDENTIFIER = it.polimi.deepse.demasibucaioni;
				PRODUCT_NAME = "$(TARGET_NAME)";
				PROVISIONING_PROFILE_SPECIFIER = "";
				SWIFT_EMIT_LOC_STRINGS = YES;
				SWIFT_VERSION = 5.0;
				TARGETED_DEVICE_FAMILY = "1,2";
			};
			name = Debug;
		};
		1BD8C269293E5D6300F1B32A /* Release */ = {
			isa = XCBuildConfiguration;
			buildSettings = {
				ASSETCATALOG_COMPILER_APPICON_NAME = AppIcon;
				ASSETCATALOG_COMPILER_GLOBAL_ACCENT_COLOR_NAME = AccentColor;
				CODE_SIGN_ENTITLEMENTS = karma/karma.entitlements;
				CODE_SIGN_STYLE = Automatic;
				CURRENT_PROJECT_VERSION = 1;
				DEVELOPMENT_ASSET_PATHS = "\"karma/Preview Content\"";
				DEVELOPMENT_TEAM = EDG8TGNYUA;
				ENABLE_PREVIEWS = YES;
				GENERATE_INFOPLIST_FILE = YES;
				INFOPLIST_FILE = "";
				INFOPLIST_KEY_CFBundleDisplayName = Karma;
				INFOPLIST_KEY_LSApplicationCategoryType = "public.app-category.finance";
				INFOPLIST_KEY_UILaunchScreen_Generation = YES;
				INFOPLIST_KEY_UIRequiresFullScreen = NO;
				INFOPLIST_KEY_UISupportedInterfaceOrientations = UIInterfaceOrientationPortrait;
				INFOPLIST_KEY_UISupportedInterfaceOrientations_iPad = "UIInterfaceOrientationLandscapeLeft UIInterfaceOrientationLandscapeRight UIInterfaceOrientationPortrait";
				LD_RUNPATH_SEARCH_PATHS = (
					"$(inherited)",
					"@executable_path/Frameworks",
				);
				MARKETING_VERSION = 1.0;
				PRODUCT_BUNDLE_IDENTIFIER = it.polimi.deepse.demasibucaioni;
				PRODUCT_NAME = "$(TARGET_NAME)";
				SWIFT_EMIT_LOC_STRINGS = YES;
				SWIFT_VERSION = 5.0;
				TARGETED_DEVICE_FAMILY = "1,2";
			};
			name = Release;
		};
		1BD8C26B293E5D6300F1B32A /* Debug */ = {
			isa = XCBuildConfiguration;
			buildSettings = {
				ALWAYS_EMBED_SWIFT_STANDARD_LIBRARIES = YES;
				BUNDLE_LOADER = "$(TEST_HOST)";
				CODE_SIGN_STYLE = Automatic;
				CURRENT_PROJECT_VERSION = 1;
				GENERATE_INFOPLIST_FILE = NO;
				INFOPLIST_FILE = karmaTests/Info.plist;
				IPHONEOS_DEPLOYMENT_TARGET = 16.1;
				MARKETING_VERSION = 1.0;
				PRODUCT_BUNDLE_IDENTIFIER = dima.karmaTests;
				PRODUCT_NAME = "$(TARGET_NAME)";
				SWIFT_EMIT_LOC_STRINGS = NO;
				SWIFT_VERSION = 5.0;
				TARGETED_DEVICE_FAMILY = "1,2";
				TEST_HOST = "$(BUILT_PRODUCTS_DIR)/karma.app/$(BUNDLE_EXECUTABLE_FOLDER_PATH)/karma";
			};
			name = Debug;
		};
		1BD8C26C293E5D6300F1B32A /* Release */ = {
			isa = XCBuildConfiguration;
			buildSettings = {
				ALWAYS_EMBED_SWIFT_STANDARD_LIBRARIES = YES;
				BUNDLE_LOADER = "$(TEST_HOST)";
				CODE_SIGN_STYLE = Automatic;
				CURRENT_PROJECT_VERSION = 1;
				GENERATE_INFOPLIST_FILE = NO;
				INFOPLIST_FILE = karmaTests/Info.plist;
				IPHONEOS_DEPLOYMENT_TARGET = 16.1;
				MARKETING_VERSION = 1.0;
				PRODUCT_BUNDLE_IDENTIFIER = dima.karmaTests;
				PRODUCT_NAME = "$(TARGET_NAME)";
				SWIFT_EMIT_LOC_STRINGS = NO;
				SWIFT_VERSION = 5.0;
				TARGETED_DEVICE_FAMILY = "1,2";
				TEST_HOST = "$(BUILT_PRODUCTS_DIR)/karma.app/$(BUNDLE_EXECUTABLE_FOLDER_PATH)/karma";
			};
			name = Release;
		};
		1BD8C26E293E5D6300F1B32A /* Debug */ = {
			isa = XCBuildConfiguration;
			buildSettings = {
				ALWAYS_EMBED_SWIFT_STANDARD_LIBRARIES = YES;
				CODE_SIGN_STYLE = Automatic;
				CURRENT_PROJECT_VERSION = 1;
				GENERATE_INFOPLIST_FILE = YES;
				MARKETING_VERSION = 1.0;
				PRODUCT_BUNDLE_IDENTIFIER = dima.karmaUITests;
				PRODUCT_NAME = "$(TARGET_NAME)";
				SWIFT_EMIT_LOC_STRINGS = NO;
				SWIFT_VERSION = 5.0;
				TARGETED_DEVICE_FAMILY = "1,2";
				TEST_TARGET_NAME = karma;
			};
			name = Debug;
		};
		1BD8C26F293E5D6300F1B32A /* Release */ = {
			isa = XCBuildConfiguration;
			buildSettings = {
				ALWAYS_EMBED_SWIFT_STANDARD_LIBRARIES = YES;
				CODE_SIGN_STYLE = Automatic;
				CURRENT_PROJECT_VERSION = 1;
				GENERATE_INFOPLIST_FILE = YES;
				MARKETING_VERSION = 1.0;
				PRODUCT_BUNDLE_IDENTIFIER = dima.karmaUITests;
				PRODUCT_NAME = "$(TARGET_NAME)";
				SWIFT_EMIT_LOC_STRINGS = NO;
				SWIFT_VERSION = 5.0;
				TARGETED_DEVICE_FAMILY = "1,2";
				TEST_TARGET_NAME = karma;
			};
			name = Release;
		};
/* End XCBuildConfiguration section */

/* Begin XCConfigurationList section */
		1BD8C23E293E5D6100F1B32A /* Build configuration list for PBXProject "karma" */ = {
			isa = XCConfigurationList;
			buildConfigurations = (
				1BD8C265293E5D6300F1B32A /* Debug */,
				1B0DD36F298553E6002FAB53 /* Emulators */,
				1BD8C266293E5D6300F1B32A /* Release */,
			);
			defaultConfigurationIsVisible = 0;
			defaultConfigurationName = Release;
		};
		1BD8C267293E5D6300F1B32A /* Build configuration list for PBXNativeTarget "karma" */ = {
			isa = XCConfigurationList;
			buildConfigurations = (
				1BD8C268293E5D6300F1B32A /* Debug */,
				1B0DD370298553E6002FAB53 /* Emulators */,
				1BD8C269293E5D6300F1B32A /* Release */,
			);
			defaultConfigurationIsVisible = 0;
			defaultConfigurationName = Release;
		};
		1BD8C26A293E5D6300F1B32A /* Build configuration list for PBXNativeTarget "karmaTests" */ = {
			isa = XCConfigurationList;
			buildConfigurations = (
				1BD8C26B293E5D6300F1B32A /* Debug */,
				1B0DD371298553E6002FAB53 /* Emulators */,
				1BD8C26C293E5D6300F1B32A /* Release */,
			);
			defaultConfigurationIsVisible = 0;
			defaultConfigurationName = Release;
		};
		1BD8C26D293E5D6300F1B32A /* Build configuration list for PBXNativeTarget "karmaUITests" */ = {
			isa = XCConfigurationList;
			buildConfigurations = (
				1BD8C26E293E5D6300F1B32A /* Debug */,
				1B0DD372298553E6002FAB53 /* Emulators */,
				1BD8C26F293E5D6300F1B32A /* Release */,
			);
			defaultConfigurationIsVisible = 0;
			defaultConfigurationName = Release;
		};
/* End XCConfigurationList section */

/* Begin XCRemoteSwiftPackageReference section */
		E3521601293F51B20074B787 /* XCRemoteSwiftPackageReference "firebase-ios-sdk" */ = {
			isa = XCRemoteSwiftPackageReference;
			repositoryURL = "https://github.com/firebase/firebase-ios-sdk";
			requirement = {
				branch = master;
				kind = branch;
			};
		};
		E36EFC4E295ED26B00301ED4 /* XCRemoteSwiftPackageReference "Kingfisher" */ = {
			isa = XCRemoteSwiftPackageReference;
			repositoryURL = "https://github.com/onevcat/Kingfisher.git";
			requirement = {
				kind = upToNextMajorVersion;
				minimumVersion = 7.0.0;
			};
		};
/* End XCRemoteSwiftPackageReference section */

/* Begin XCSwiftPackageProductDependency section */
		1B0DD373298557BF002FAB53 /* Kingfisher */ = {
			isa = XCSwiftPackageProductDependency;
			package = E36EFC4E295ED26B00301ED4 /* XCRemoteSwiftPackageReference "Kingfisher" */;
			productName = Kingfisher;
		};
		1B78B160298416AC00268661 /* FirebaseAuth */ = {
			isa = XCSwiftPackageProductDependency;
			package = E3521601293F51B20074B787 /* XCRemoteSwiftPackageReference "firebase-ios-sdk" */;
			productName = FirebaseAuth;
		};
		1B78B162298416AC00268661 /* FirebaseFirestore */ = {
			isa = XCSwiftPackageProductDependency;
			package = E3521601293F51B20074B787 /* XCRemoteSwiftPackageReference "firebase-ios-sdk" */;
			productName = FirebaseFirestore;
		};
		1B78B164298416AC00268661 /* FirebaseFirestoreSwift */ = {
			isa = XCSwiftPackageProductDependency;
			package = E3521601293F51B20074B787 /* XCRemoteSwiftPackageReference "firebase-ios-sdk" */;
			productName = FirebaseFirestoreSwift;
		};
		1B78B166298416AC00268661 /* Kingfisher */ = {
			isa = XCSwiftPackageProductDependency;
			package = E36EFC4E295ED26B00301ED4 /* XCRemoteSwiftPackageReference "Kingfisher" */;
			productName = Kingfisher;
		};
		1B78B1682984171C00268661 /* FirebaseAppCheck */ = {
			isa = XCSwiftPackageProductDependency;
			package = E3521601293F51B20074B787 /* XCRemoteSwiftPackageReference "firebase-ios-sdk" */;
			productName = FirebaseAppCheck;
		};
		1B78B16A2984171C00268661 /* FirebaseDatabase */ = {
			isa = XCSwiftPackageProductDependency;
			package = E3521601293F51B20074B787 /* XCRemoteSwiftPackageReference "firebase-ios-sdk" */;
			productName = FirebaseDatabase;
		};
		1B78B16C2984171C00268661 /* FirebaseDatabaseSwift */ = {
			isa = XCSwiftPackageProductDependency;
			package = E3521601293F51B20074B787 /* XCRemoteSwiftPackageReference "firebase-ios-sdk" */;
			productName = FirebaseDatabaseSwift;
		};
		1B78B16E2984171C00268661 /* FirebaseStorage */ = {
			isa = XCSwiftPackageProductDependency;
			package = E3521601293F51B20074B787 /* XCRemoteSwiftPackageReference "firebase-ios-sdk" */;
			productName = FirebaseStorage;
		};
		1B78B170298417A100268661 /* FirebaseAppCheck */ = {
			isa = XCSwiftPackageProductDependency;
			package = E3521601293F51B20074B787 /* XCRemoteSwiftPackageReference "firebase-ios-sdk" */;
			productName = FirebaseAppCheck;
		};
		1B78B172298417A100268661 /* FirebaseAuth */ = {
			isa = XCSwiftPackageProductDependency;
			package = E3521601293F51B20074B787 /* XCRemoteSwiftPackageReference "firebase-ios-sdk" */;
			productName = FirebaseAuth;
		};
		1B78B174298417A100268661 /* FirebaseDatabase */ = {
			isa = XCSwiftPackageProductDependency;
			package = E3521601293F51B20074B787 /* XCRemoteSwiftPackageReference "firebase-ios-sdk" */;
			productName = FirebaseDatabase;
		};
		1B78B176298417A100268661 /* FirebaseDatabaseSwift */ = {
			isa = XCSwiftPackageProductDependency;
			package = E3521601293F51B20074B787 /* XCRemoteSwiftPackageReference "firebase-ios-sdk" */;
			productName = FirebaseDatabaseSwift;
		};
		1B78B178298417A100268661 /* FirebaseFirestore */ = {
			isa = XCSwiftPackageProductDependency;
			package = E3521601293F51B20074B787 /* XCRemoteSwiftPackageReference "firebase-ios-sdk" */;
			productName = FirebaseFirestore;
		};
		1B78B17A298417A100268661 /* FirebaseFirestoreSwift */ = {
			isa = XCSwiftPackageProductDependency;
			package = E3521601293F51B20074B787 /* XCRemoteSwiftPackageReference "firebase-ios-sdk" */;
			productName = FirebaseFirestoreSwift;
		};
		1B78B17C298417A100268661 /* FirebaseStorage */ = {
			isa = XCSwiftPackageProductDependency;
			package = E3521601293F51B20074B787 /* XCRemoteSwiftPackageReference "firebase-ios-sdk" */;
			productName = FirebaseStorage;
		};
		E3521602293F51B30074B787 /* FirebaseAuth */ = {
			isa = XCSwiftPackageProductDependency;
			package = E3521601293F51B20074B787 /* XCRemoteSwiftPackageReference "firebase-ios-sdk" */;
			productName = FirebaseAuth;
		};
		E3521604293F51B30074B787 /* FirebaseFirestore */ = {
			isa = XCSwiftPackageProductDependency;
			package = E3521601293F51B20074B787 /* XCRemoteSwiftPackageReference "firebase-ios-sdk" */;
			productName = FirebaseFirestore;
		};
		E3521606293F51B30074B787 /* FirebaseFirestoreSwift */ = {
			isa = XCSwiftPackageProductDependency;
			package = E3521601293F51B20074B787 /* XCRemoteSwiftPackageReference "firebase-ios-sdk" */;
			productName = FirebaseFirestoreSwift;
		};
		E3521608293F51B30074B787 /* FirebaseStorage */ = {
			isa = XCSwiftPackageProductDependency;
			package = E3521601293F51B20074B787 /* XCRemoteSwiftPackageReference "firebase-ios-sdk" */;
			productName = FirebaseStorage;
		};
		E36EFC4F295ED26B00301ED4 /* Kingfisher */ = {
			isa = XCSwiftPackageProductDependency;
			package = E36EFC4E295ED26B00301ED4 /* XCRemoteSwiftPackageReference "Kingfisher" */;
			productName = Kingfisher;
		};
		E37273A32969802C007D512E /* FirebaseDatabase */ = {
			isa = XCSwiftPackageProductDependency;
			package = E3521601293F51B20074B787 /* XCRemoteSwiftPackageReference "firebase-ios-sdk" */;
			productName = FirebaseDatabase;
		};
		E37273A52969803A007D512E /* FirebaseDatabaseSwift */ = {
			isa = XCSwiftPackageProductDependency;
			package = E3521601293F51B20074B787 /* XCRemoteSwiftPackageReference "firebase-ios-sdk" */;
			productName = FirebaseDatabaseSwift;
		};
/* End XCSwiftPackageProductDependency section */
	};
	rootObject = 1BD8C23B293E5D6100F1B32A /* Project object */;
}
