// !$*UTF8*$!
{
	archiveVersion = 1;
	classes = {
	};
	objectVersion = 56;
	objects = {

/* Begin PBXBuildFile section */
		1BD8C247293E5D6100F1B32A /* karmaApp.swift in Sources */ = {isa = PBXBuildFile; fileRef = 1BD8C246293E5D6100F1B32A /* karmaApp.swift */; };
		1BD8C24B293E5D6200F1B32A /* Assets.xcassets in Resources */ = {isa = PBXBuildFile; fileRef = 1BD8C24A293E5D6200F1B32A /* Assets.xcassets */; };
		1BD8C24E293E5D6200F1B32A /* Preview Assets.xcassets in Resources */ = {isa = PBXBuildFile; fileRef = 1BD8C24D293E5D6200F1B32A /* Preview Assets.xcassets */; };
		1BD8C258293E5D6300F1B32A /* karmaTests.swift in Sources */ = {isa = PBXBuildFile; fileRef = 1BD8C257293E5D6300F1B32A /* karmaTests.swift */; };
		1BD8C262293E5D6300F1B32A /* karmaUITests.swift in Sources */ = {isa = PBXBuildFile; fileRef = 1BD8C261293E5D6300F1B32A /* karmaUITests.swift */; };
		1BD8C264293E5D6300F1B32A /* karmaUITestsLaunchTests.swift in Sources */ = {isa = PBXBuildFile; fileRef = 1BD8C263293E5D6300F1B32A /* karmaUITestsLaunchTests.swift */; };
		E35215FA293F399F0074B787 /* RegistrationView.swift in Sources */ = {isa = PBXBuildFile; fileRef = E35215F9293F399F0074B787 /* RegistrationView.swift */; };
		E35215FC293F3D4F0074B787 /* CustomInputField.swift in Sources */ = {isa = PBXBuildFile; fileRef = E35215FB293F3D4F0074B787 /* CustomInputField.swift */; };
		E35215FE293F3EBD0074B787 /* ContentView.swift in Sources */ = {isa = PBXBuildFile; fileRef = E35215FD293F3EBD0074B787 /* ContentView.swift */; };
		E3521600293F4F910074B787 /* GoogleService-Info.plist in Resources */ = {isa = PBXBuildFile; fileRef = E35215FF293F4F900074B787 /* GoogleService-Info.plist */; };
		E3521603293F51B30074B787 /* FirebaseAuth in Frameworks */ = {isa = PBXBuildFile; productRef = E3521602293F51B30074B787 /* FirebaseAuth */; };
		E3521605293F51B30074B787 /* FirebaseFirestore in Frameworks */ = {isa = PBXBuildFile; productRef = E3521604293F51B30074B787 /* FirebaseFirestore */; };
		E3521607293F51B30074B787 /* FirebaseFirestoreSwift in Frameworks */ = {isa = PBXBuildFile; productRef = E3521606293F51B30074B787 /* FirebaseFirestoreSwift */; };
		E3521609293F51B30074B787 /* FirebaseStorage in Frameworks */ = {isa = PBXBuildFile; productRef = E3521608293F51B30074B787 /* FirebaseStorage */; };
		E378A41F2940E29A001CE2E2 /* AuthViewModel.swift in Sources */ = {isa = PBXBuildFile; fileRef = E378A41E2940E29A001CE2E2 /* AuthViewModel.swift */; };
/* End PBXBuildFile section */

/* Begin PBXContainerItemProxy section */
		1BD8C254293E5D6300F1B32A /* PBXContainerItemProxy */ = {
			isa = PBXContainerItemProxy;
			containerPortal = 1BD8C23B293E5D6100F1B32A /* Project object */;
			proxyType = 1;
			remoteGlobalIDString = 1BD8C242293E5D6100F1B32A;
			remoteInfo = karma;
		};
		1BD8C25E293E5D6300F1B32A /* PBXContainerItemProxy */ = {
			isa = PBXContainerItemProxy;
			containerPortal = 1BD8C23B293E5D6100F1B32A /* Project object */;
			proxyType = 1;
			remoteGlobalIDString = 1BD8C242293E5D6100F1B32A;
			remoteInfo = karma;
		};
/* End PBXContainerItemProxy section */

/* Begin PBXFileReference section */
		1BD8C243293E5D6100F1B32A /* karma.app */ = {isa = PBXFileReference; explicitFileType = wrapper.application; includeInIndex = 0; path = karma.app; sourceTree = BUILT_PRODUCTS_DIR; };
		1BD8C246293E5D6100F1B32A /* karmaApp.swift */ = {isa = PBXFileReference; lastKnownFileType = sourcecode.swift; path = karmaApp.swift; sourceTree = "<group>"; };
		1BD8C24A293E5D6200F1B32A /* Assets.xcassets */ = {isa = PBXFileReference; lastKnownFileType = folder.assetcatalog; path = Assets.xcassets; sourceTree = "<group>"; };
		1BD8C24D293E5D6200F1B32A /* Preview Assets.xcassets */ = {isa = PBXFileReference; lastKnownFileType = folder.assetcatalog; path = "Preview Assets.xcassets"; sourceTree = "<group>"; };
		1BD8C253293E5D6300F1B32A /* karmaTests.xctest */ = {isa = PBXFileReference; explicitFileType = wrapper.cfbundle; includeInIndex = 0; path = karmaTests.xctest; sourceTree = BUILT_PRODUCTS_DIR; };
		1BD8C257293E5D6300F1B32A /* karmaTests.swift */ = {isa = PBXFileReference; lastKnownFileType = sourcecode.swift; path = karmaTests.swift; sourceTree = "<group>"; };
		1BD8C25D293E5D6300F1B32A /* karmaUITests.xctest */ = {isa = PBXFileReference; explicitFileType = wrapper.cfbundle; includeInIndex = 0; path = karmaUITests.xctest; sourceTree = BUILT_PRODUCTS_DIR; };
		1BD8C261293E5D6300F1B32A /* karmaUITests.swift */ = {isa = PBXFileReference; lastKnownFileType = sourcecode.swift; path = karmaUITests.swift; sourceTree = "<group>"; };
		1BD8C263293E5D6300F1B32A /* karmaUITestsLaunchTests.swift */ = {isa = PBXFileReference; lastKnownFileType = sourcecode.swift; path = karmaUITestsLaunchTests.swift; sourceTree = "<group>"; };
		E35215F9293F399F0074B787 /* RegistrationView.swift */ = {isa = PBXFileReference; lastKnownFileType = sourcecode.swift; path = RegistrationView.swift; sourceTree = "<group>"; };
		E35215FB293F3D4F0074B787 /* CustomInputField.swift */ = {isa = PBXFileReference; lastKnownFileType = sourcecode.swift; path = CustomInputField.swift; sourceTree = "<group>"; };
		E35215FD293F3EBD0074B787 /* ContentView.swift */ = {isa = PBXFileReference; fileEncoding = 4; lastKnownFileType = sourcecode.swift; path = ContentView.swift; sourceTree = "<group>"; };
		E35215FF293F4F900074B787 /* GoogleService-Info.plist */ = {isa = PBXFileReference; lastKnownFileType = text.plist; path = "GoogleService-Info.plist"; sourceTree = SOURCE_ROOT; };
		E378A41E2940E29A001CE2E2 /* AuthViewModel.swift */ = {isa = PBXFileReference; lastKnownFileType = sourcecode.swift; path = AuthViewModel.swift; sourceTree = "<group>"; };
/* End PBXFileReference section */

/* Begin PBXFrameworksBuildPhase section */
		1BD8C240293E5D6100F1B32A /* Frameworks */ = {
			isa = PBXFrameworksBuildPhase;
			buildActionMask = 2147483647;
			files = (
				E3521603293F51B30074B787 /* FirebaseAuth in Frameworks */,
				E3521609293F51B30074B787 /* FirebaseStorage in Frameworks */,
				E3521605293F51B30074B787 /* FirebaseFirestore in Frameworks */,
				E3521607293F51B30074B787 /* FirebaseFirestoreSwift in Frameworks */,
			);
			runOnlyForDeploymentPostprocessing = 0;
		};
		1BD8C250293E5D6300F1B32A /* Frameworks */ = {
			isa = PBXFrameworksBuildPhase;
			buildActionMask = 2147483647;
			files = (
			);
			runOnlyForDeploymentPostprocessing = 0;
		};
		1BD8C25A293E5D6300F1B32A /* Frameworks */ = {
			isa = PBXFrameworksBuildPhase;
			buildActionMask = 2147483647;
			files = (
			);
			runOnlyForDeploymentPostprocessing = 0;
		};
/* End PBXFrameworksBuildPhase section */

/* Begin PBXGroup section */
		1BD8C23A293E5D6100F1B32A = {
			isa = PBXGroup;
			children = (
				1BD8C245293E5D6100F1B32A /* karma */,
				1BD8C256293E5D6300F1B32A /* karmaTests */,
				1BD8C260293E5D6300F1B32A /* karmaUITests */,
				1BD8C244293E5D6100F1B32A /* Products */,
			);
			sourceTree = "<group>";
		};
		1BD8C244293E5D6100F1B32A /* Products */ = {
			isa = PBXGroup;
			children = (
				1BD8C243293E5D6100F1B32A /* karma.app */,
				1BD8C253293E5D6300F1B32A /* karmaTests.xctest */,
				1BD8C25D293E5D6300F1B32A /* karmaUITests.xctest */,
			);
			name = Products;
			sourceTree = "<group>";
		};
		1BD8C245293E5D6100F1B32A /* karma */ = {
			isa = PBXGroup;
			children = (
				E378A41D2940E271001CE2E2 /* ViewModels */,
				1BD8C274293E5DE300F1B32A /* Views */,
				1BD8C272293E5DCB00F1B32A /* Models */,
				1BD8C271293E5DB800F1B32A /* Services */,
				1BD8C270293E5DA400F1B32A /* Repositories */,
				1BD8C246293E5D6100F1B32A /* karmaApp.swift */,
				1BD8C24A293E5D6200F1B32A /* Assets.xcassets */,
				E35215FF293F4F900074B787 /* GoogleService-Info.plist */,
				1BD8C24C293E5D6200F1B32A /* Preview Content */,
			);
			path = karma;
			sourceTree = "<group>";
		};
		1BD8C24C293E5D6200F1B32A /* Preview Content */ = {
			isa = PBXGroup;
			children = (
				1BD8C24D293E5D6200F1B32A /* Preview Assets.xcassets */,
			);
			path = "Preview Content";
			sourceTree = "<group>";
		};
		1BD8C256293E5D6300F1B32A /* karmaTests */ = {
			isa = PBXGroup;
			children = (
				1BD8C257293E5D6300F1B32A /* karmaTests.swift */,
			);
			path = karmaTests;
			sourceTree = "<group>";
		};
		1BD8C260293E5D6300F1B32A /* karmaUITests */ = {
			isa = PBXGroup;
			children = (
				1BD8C261293E5D6300F1B32A /* karmaUITests.swift */,
				1BD8C263293E5D6300F1B32A /* karmaUITestsLaunchTests.swift */,
			);
			path = karmaUITests;
			sourceTree = "<group>";
		};
		1BD8C270293E5DA400F1B32A /* Repositories */ = {
			isa = PBXGroup;
			children = (
			);
			path = Repositories;
			sourceTree = "<group>";
		};
		1BD8C271293E5DB800F1B32A /* Services */ = {
			isa = PBXGroup;
			children = (
			);
			path = Services;
			sourceTree = "<group>";
		};
		1BD8C272293E5DCB00F1B32A /* Models */ = {
			isa = PBXGroup;
			children = (
			);
			path = Models;
			sourceTree = "<group>";
		};
		1BD8C274293E5DE300F1B32A /* Views */ = {
			isa = PBXGroup;
			children = (
				E35215FD293F3EBD0074B787 /* ContentView.swift */,
				E35215F9293F399F0074B787 /* RegistrationView.swift */,
				E35215FB293F3D4F0074B787 /* CustomInputField.swift */,
			);
			path = Views;
			sourceTree = "<group>";
		};
		E378A41D2940E271001CE2E2 /* ViewModels */ = {
			isa = PBXGroup;
			children = (
				E378A41E2940E29A001CE2E2 /* AuthViewModel.swift */,
			);
			path = ViewModels;
			sourceTree = "<group>";
		};
/* End PBXGroup section */

/* Begin PBXNativeTarget section */
		1BD8C242293E5D6100F1B32A /* karma */ = {
			isa = PBXNativeTarget;
			buildConfigurationList = 1BD8C267293E5D6300F1B32A /* Build configuration list for PBXNativeTarget "karma" */;
			buildPhases = (
				1BD8C23F293E5D6100F1B32A /* Sources */,
				1BD8C240293E5D6100F1B32A /* Frameworks */,
				1BD8C241293E5D6100F1B32A /* Resources */,
			);
			buildRules = (
			);
			dependencies = (
			);
			name = karma;
			packageProductDependencies = (
				E3521602293F51B30074B787 /* FirebaseAuth */,
				E3521604293F51B30074B787 /* FirebaseFirestore */,
				E3521606293F51B30074B787 /* FirebaseFirestoreSwift */,
				E3521608293F51B30074B787 /* FirebaseStorage */,
			);
			productName = karma;
			productReference = 1BD8C243293E5D6100F1B32A /* karma.app */;
			productType = "com.apple.product-type.application";
		};
		1BD8C252293E5D6300F1B32A /* karmaTests */ = {
			isa = PBXNativeTarget;
			buildConfigurationList = 1BD8C26A293E5D6300F1B32A /* Build configuration list for PBXNativeTarget "karmaTests" */;
			buildPhases = (
				1BD8C24F293E5D6300F1B32A /* Sources */,
				1BD8C250293E5D6300F1B32A /* Frameworks */,
				1BD8C251293E5D6300F1B32A /* Resources */,
			);
			buildRules = (
			);
			dependencies = (
				1BD8C255293E5D6300F1B32A /* PBXTargetDependency */,
			);
			name = karmaTests;
			productName = karmaTests;
			productReference = 1BD8C253293E5D6300F1B32A /* karmaTests.xctest */;
			productType = "com.apple.product-type.bundle.unit-test";
		};
		1BD8C25C293E5D6300F1B32A /* karmaUITests */ = {
			isa = PBXNativeTarget;
			buildConfigurationList = 1BD8C26D293E5D6300F1B32A /* Build configuration list for PBXNativeTarget "karmaUITests" */;
			buildPhases = (
				1BD8C259293E5D6300F1B32A /* Sources */,
				1BD8C25A293E5D6300F1B32A /* Frameworks */,
				1BD8C25B293E5D6300F1B32A /* Resources */,
			);
			buildRules = (
			);
			dependencies = (
				1BD8C25F293E5D6300F1B32A /* PBXTargetDependency */,
			);
			name = karmaUITests;
			productName = karmaUITests;
			productReference = 1BD8C25D293E5D6300F1B32A /* karmaUITests.xctest */;
			productType = "com.apple.product-type.bundle.ui-testing";
		};
/* End PBXNativeTarget section */

/* Begin PBXProject section */
		1BD8C23B293E5D6100F1B32A /* Project object */ = {
			isa = PBXProject;
			attributes = {
				BuildIndependentTargetsInParallel = 1;
				LastSwiftUpdateCheck = 1410;
				LastUpgradeCheck = 1410;
				TargetAttributes = {
					1BD8C242293E5D6100F1B32A = {
						CreatedOnToolsVersion = 14.1;
					};
					1BD8C252293E5D6300F1B32A = {
						CreatedOnToolsVersion = 14.1;
						TestTargetID = 1BD8C242293E5D6100F1B32A;
					};
					1BD8C25C293E5D6300F1B32A = {
						CreatedOnToolsVersion = 14.1;
						TestTargetID = 1BD8C242293E5D6100F1B32A;
					};
				};
			};
			buildConfigurationList = 1BD8C23E293E5D6100F1B32A /* Build configuration list for PBXProject "karma" */;
			compatibilityVersion = "Xcode 14.0";
			developmentRegion = en;
			hasScannedForEncodings = 0;
			knownRegions = (
				en,
				Base,
			);
			mainGroup = 1BD8C23A293E5D6100F1B32A;
			packageReferences = (
				E3521601293F51B20074B787 /* XCRemoteSwiftPackageReference "firebase-ios-sdk" */,
			);
			productRefGroup = 1BD8C244293E5D6100F1B32A /* Products */;
			projectDirPath = "";
			projectRoot = "";
			targets = (
				1BD8C242293E5D6100F1B32A /* karma */,
				1BD8C252293E5D6300F1B32A /* karmaTests */,
				1BD8C25C293E5D6300F1B32A /* karmaUITests */,
			);
		};
/* End PBXProject section */

/* Begin PBXResourcesBuildPhase section */
		1BD8C241293E5D6100F1B32A /* Resources */ = {
			isa = PBXResourcesBuildPhase;
			buildActionMask = 2147483647;
			files = (
				1BD8C24E293E5D6200F1B32A /* Preview Assets.xcassets in Resources */,
				1BD8C24B293E5D6200F1B32A /* Assets.xcassets in Resources */,
				E3521600293F4F910074B787 /* GoogleService-Info.plist in Resources */,
			);
			runOnlyForDeploymentPostprocessing = 0;
		};
		1BD8C251293E5D6300F1B32A /* Resources */ = {
			isa = PBXResourcesBuildPhase;
			buildActionMask = 2147483647;
			files = (
			);
			runOnlyForDeploymentPostprocessing = 0;
		};
		1BD8C25B293E5D6300F1B32A /* Resources */ = {
			isa = PBXResourcesBuildPhase;
			buildActionMask = 2147483647;
			files = (
			);
			runOnlyForDeploymentPostprocessing = 0;
		};
/* End PBXResourcesBuildPhase section */

/* Begin PBXSourcesBuildPhase section */
		1BD8C23F293E5D6100F1B32A /* Sources */ = {
			isa = PBXSourcesBuildPhase;
			buildActionMask = 2147483647;
			files = (
				E378A41F2940E29A001CE2E2 /* AuthViewModel.swift in Sources */,
				E35215FA293F399F0074B787 /* RegistrationView.swift in Sources */,
				1BD8C247293E5D6100F1B32A /* karmaApp.swift in Sources */,
				E35215FE293F3EBD0074B787 /* ContentView.swift in Sources */,
				E35215FC293F3D4F0074B787 /* CustomInputField.swift in Sources */,
			);
			runOnlyForDeploymentPostprocessing = 0;
		};
		1BD8C24F293E5D6300F1B32A /* Sources */ = {
			isa = PBXSourcesBuildPhase;
			buildActionMask = 2147483647;
			files = (
				1BD8C258293E5D6300F1B32A /* karmaTests.swift in Sources */,
			);
			runOnlyForDeploymentPostprocessing = 0;
		};
		1BD8C259293E5D6300F1B32A /* Sources */ = {
			isa = PBXSourcesBuildPhase;
			buildActionMask = 2147483647;
			files = (
				1BD8C262293E5D6300F1B32A /* karmaUITests.swift in Sources */,
				1BD8C264293E5D6300F1B32A /* karmaUITestsLaunchTests.swift in Sources */,
			);
			runOnlyForDeploymentPostprocessing = 0;
		};
/* End PBXSourcesBuildPhase section */

/* Begin PBXTargetDependency section */
		1BD8C255293E5D6300F1B32A /* PBXTargetDependency */ = {
			isa = PBXTargetDependency;
			target = 1BD8C242293E5D6100F1B32A /* karma */;
			targetProxy = 1BD8C254293E5D6300F1B32A /* PBXContainerItemProxy */;
		};
		1BD8C25F293E5D6300F1B32A /* PBXTargetDependency */ = {
			isa = PBXTargetDependency;
			target = 1BD8C242293E5D6100F1B32A /* karma */;
			targetProxy = 1BD8C25E293E5D6300F1B32A /* PBXContainerItemProxy */;
		};
/* End PBXTargetDependency section */

/* Begin XCBuildConfiguration section */
		1BD8C265293E5D6300F1B32A /* Debug */ = {
			isa = XCBuildConfiguration;
			buildSettings = {
				ALWAYS_SEARCH_USER_PATHS = NO;
				CLANG_ANALYZER_NONNULL = YES;
				CLANG_ANALYZER_NUMBER_OBJECT_CONVERSION = YES_AGGRESSIVE;
				CLANG_CXX_LANGUAGE_STANDARD = "gnu++20";
				CLANG_ENABLE_MODULES = YES;
				CLANG_ENABLE_OBJC_ARC = YES;
				CLANG_ENABLE_OBJC_WEAK = YES;
				CLANG_WARN_BLOCK_CAPTURE_AUTORELEASING = YES;
				CLANG_WARN_BOOL_CONVERSION = YES;
				CLANG_WARN_COMMA = YES;
				CLANG_WARN_CONSTANT_CONVERSION = YES;
				CLANG_WARN_DEPRECATED_OBJC_IMPLEMENTATIONS = YES;
				CLANG_WARN_DIRECT_OBJC_ISA_USAGE = YES_ERROR;
				CLANG_WARN_DOCUMENTATION_COMMENTS = YES;
				CLANG_WARN_EMPTY_BODY = YES;
				CLANG_WARN_ENUM_CONVERSION = YES;
				CLANG_WARN_INFINITE_RECURSION = YES;
				CLANG_WARN_INT_CONVERSION = YES;
				CLANG_WARN_NON_LITERAL_NULL_CONVERSION = YES;
				CLANG_WARN_OBJC_IMPLICIT_RETAIN_SELF = YES;
				CLANG_WARN_OBJC_LITERAL_CONVERSION = YES;
				CLANG_WARN_OBJC_ROOT_CLASS = YES_ERROR;
				CLANG_WARN_QUOTED_INCLUDE_IN_FRAMEWORK_HEADER = YES;
				CLANG_WARN_RANGE_LOOP_ANALYSIS = YES;
				CLANG_WARN_STRICT_PROTOTYPES = YES;
				CLANG_WARN_SUSPICIOUS_MOVE = YES;
				CLANG_WARN_UNGUARDED_AVAILABILITY = YES_AGGRESSIVE;
				CLANG_WARN_UNREACHABLE_CODE = YES;
				CLANG_WARN__DUPLICATE_METHOD_MATCH = YES;
				COPY_PHASE_STRIP = NO;
				DEBUG_INFORMATION_FORMAT = dwarf;
				ENABLE_STRICT_OBJC_MSGSEND = YES;
				ENABLE_TESTABILITY = YES;
				GCC_C_LANGUAGE_STANDARD = gnu11;
				GCC_DYNAMIC_NO_PIC = NO;
				GCC_NO_COMMON_BLOCKS = YES;
				GCC_OPTIMIZATION_LEVEL = 0;
				GCC_PREPROCESSOR_DEFINITIONS = (
					"DEBUG=1",
					"$(inherited)",
				);
				GCC_WARN_64_TO_32_BIT_CONVERSION = YES;
				GCC_WARN_ABOUT_RETURN_TYPE = YES_ERROR;
				GCC_WARN_UNDECLARED_SELECTOR = YES;
				GCC_WARN_UNINITIALIZED_AUTOS = YES_AGGRESSIVE;
				GCC_WARN_UNUSED_FUNCTION = YES;
				GCC_WARN_UNUSED_VARIABLE = YES;
				IPHONEOS_DEPLOYMENT_TARGET = 16.1;
				MTL_ENABLE_DEBUG_INFO = INCLUDE_SOURCE;
				MTL_FAST_MATH = YES;
				ONLY_ACTIVE_ARCH = YES;
				SDKROOT = iphoneos;
				SWIFT_ACTIVE_COMPILATION_CONDITIONS = DEBUG;
				SWIFT_OPTIMIZATION_LEVEL = "-Onone";
			};
			name = Debug;
		};
		1BD8C266293E5D6300F1B32A /* Release */ = {
			isa = XCBuildConfiguration;
			buildSettings = {
				ALWAYS_SEARCH_USER_PATHS = NO;
				CLANG_ANALYZER_NONNULL = YES;
				CLANG_ANALYZER_NUMBER_OBJECT_CONVERSION = YES_AGGRESSIVE;
				CLANG_CXX_LANGUAGE_STANDARD = "gnu++20";
				CLANG_ENABLE_MODULES = YES;
				CLANG_ENABLE_OBJC_ARC = YES;
				CLANG_ENABLE_OBJC_WEAK = YES;
				CLANG_WARN_BLOCK_CAPTURE_AUTORELEASING = YES;
				CLANG_WARN_BOOL_CONVERSION = YES;
				CLANG_WARN_COMMA = YES;
				CLANG_WARN_CONSTANT_CONVERSION = YES;
				CLANG_WARN_DEPRECATED_OBJC_IMPLEMENTATIONS = YES;
				CLANG_WARN_DIRECT_OBJC_ISA_USAGE = YES_ERROR;
				CLANG_WARN_DOCUMENTATION_COMMENTS = YES;
				CLANG_WARN_EMPTY_BODY = YES;
				CLANG_WARN_ENUM_CONVERSION = YES;
				CLANG_WARN_INFINITE_RECURSION = YES;
				CLANG_WARN_INT_CONVERSION = YES;
				CLANG_WARN_NON_LITERAL_NULL_CONVERSION = YES;
				CLANG_WARN_OBJC_IMPLICIT_RETAIN_SELF = YES;
				CLANG_WARN_OBJC_LITERAL_CONVERSION = YES;
				CLANG_WARN_OBJC_ROOT_CLASS = YES_ERROR;
				CLANG_WARN_QUOTED_INCLUDE_IN_FRAMEWORK_HEADER = YES;
				CLANG_WARN_RANGE_LOOP_ANALYSIS = YES;
				CLANG_WARN_STRICT_PROTOTYPES = YES;
				CLANG_WARN_SUSPICIOUS_MOVE = YES;
				CLANG_WARN_UNGUARDED_AVAILABILITY = YES_AGGRESSIVE;
				CLANG_WARN_UNREACHABLE_CODE = YES;
				CLANG_WARN__DUPLICATE_METHOD_MATCH = YES;
				COPY_PHASE_STRIP = NO;
				DEBUG_INFORMATION_FORMAT = "dwarf-with-dsym";
				ENABLE_NS_ASSERTIONS = NO;
				ENABLE_STRICT_OBJC_MSGSEND = YES;
				GCC_C_LANGUAGE_STANDARD = gnu11;
				GCC_NO_COMMON_BLOCKS = YES;
				GCC_WARN_64_TO_32_BIT_CONVERSION = YES;
				GCC_WARN_ABOUT_RETURN_TYPE = YES_ERROR;
				GCC_WARN_UNDECLARED_SELECTOR = YES;
				GCC_WARN_UNINITIALIZED_AUTOS = YES_AGGRESSIVE;
				GCC_WARN_UNUSED_FUNCTION = YES;
				GCC_WARN_UNUSED_VARIABLE = YES;
				IPHONEOS_DEPLOYMENT_TARGET = 16.1;
				MTL_ENABLE_DEBUG_INFO = NO;
				MTL_FAST_MATH = YES;
				SDKROOT = iphoneos;
				SWIFT_COMPILATION_MODE = wholemodule;
				SWIFT_OPTIMIZATION_LEVEL = "-O";
				VALIDATE_PRODUCT = YES;
			};
			name = Release;
		};
		1BD8C268293E5D6300F1B32A /* Debug */ = {
			isa = XCBuildConfiguration;
			buildSettings = {
				ASSETCATALOG_COMPILER_APPICON_NAME = AppIcon;
				ASSETCATALOG_COMPILER_GLOBAL_ACCENT_COLOR_NAME = AccentColor;
				CODE_SIGN_STYLE = Automatic;
				CURRENT_PROJECT_VERSION = 1;
				DEVELOPMENT_ASSET_PATHS = "\"karma/Preview Content\"";
				ENABLE_PREVIEWS = YES;
				GENERATE_INFOPLIST_FILE = YES;
				INFOPLIST_KEY_CFBundleDisplayName = dima.karma;
				INFOPLIST_KEY_UIApplicationSceneManifest_Generation = YES;
				INFOPLIST_KEY_UIApplicationSupportsIndirectInputEvents = YES;
				INFOPLIST_KEY_UILaunchScreen_Generation = YES;
				INFOPLIST_KEY_UISupportedInterfaceOrientations_iPad = "UIInterfaceOrientationPortrait UIInterfaceOrientationPortraitUpsideDown UIInterfaceOrientationLandscapeLeft UIInterfaceOrientationLandscapeRight";
				INFOPLIST_KEY_UISupportedInterfaceOrientations_iPhone = "UIInterfaceOrientationPortrait UIInterfaceOrientationLandscapeLeft UIInterfaceOrientationLandscapeRight";
				LD_RUNPATH_SEARCH_PATHS = (
					"$(inherited)",
					"@executable_path/Frameworks",
				);
				MARKETING_VERSION = 1.0;
				PRODUCT_BUNDLE_IDENTIFIER = dima.karma;
				PRODUCT_NAME = "$(TARGET_NAME)";
				SWIFT_EMIT_LOC_STRINGS = YES;
				SWIFT_VERSION = 5.0;
				TARGETED_DEVICE_FAMILY = "1,2";
			};
			name = Debug;
		};
		1BD8C269293E5D6300F1B32A /* Release */ = {
			isa = XCBuildConfiguration;
			buildSettings = {
				ASSETCATALOG_COMPILER_APPICON_NAME = AppIcon;
				ASSETCATALOG_COMPILER_GLOBAL_ACCENT_COLOR_NAME = AccentColor;
				CODE_SIGN_STYLE = Automatic;
				CURRENT_PROJECT_VERSION = 1;
				DEVELOPMENT_ASSET_PATHS = "\"karma/Preview Content\"";
				ENABLE_PREVIEWS = YES;
				GENERATE_INFOPLIST_FILE = YES;
				INFOPLIST_KEY_CFBundleDisplayName = dima.karma;
				INFOPLIST_KEY_UIApplicationSceneManifest_Generation = YES;
				INFOPLIST_KEY_UIApplicationSupportsIndirectInputEvents = YES;
				INFOPLIST_KEY_UILaunchScreen_Generation = YES;
				INFOPLIST_KEY_UISupportedInterfaceOrientations_iPad = "UIInterfaceOrientationPortrait UIInterfaceOrientationPortraitUpsideDown UIInterfaceOrientationLandscapeLeft UIInterfaceOrientationLandscapeRight";
				INFOPLIST_KEY_UISupportedInterfaceOrientations_iPhone = "UIInterfaceOrientationPortrait UIInterfaceOrientationLandscapeLeft UIInterfaceOrientationLandscapeRight";
				LD_RUNPATH_SEARCH_PATHS = (
					"$(inherited)",
					"@executable_path/Frameworks",
				);
				MARKETING_VERSION = 1.0;
				PRODUCT_BUNDLE_IDENTIFIER = dima.karma;
				PRODUCT_NAME = "$(TARGET_NAME)";
				SWIFT_EMIT_LOC_STRINGS = YES;
				SWIFT_VERSION = 5.0;
				TARGETED_DEVICE_FAMILY = "1,2";
			};
			name = Release;
		};
		1BD8C26B293E5D6300F1B32A /* Debug */ = {
			isa = XCBuildConfiguration;
			buildSettings = {
				ALWAYS_EMBED_SWIFT_STANDARD_LIBRARIES = YES;
				BUNDLE_LOADER = "$(TEST_HOST)";
				CODE_SIGN_STYLE = Automatic;
				CURRENT_PROJECT_VERSION = 1;
				GENERATE_INFOPLIST_FILE = YES;
				IPHONEOS_DEPLOYMENT_TARGET = 16.1;
				MARKETING_VERSION = 1.0;
				PRODUCT_BUNDLE_IDENTIFIER = dima.karmaTests;
				PRODUCT_NAME = "$(TARGET_NAME)";
				SWIFT_EMIT_LOC_STRINGS = NO;
				SWIFT_VERSION = 5.0;
				TARGETED_DEVICE_FAMILY = "1,2";
				TEST_HOST = "$(BUILT_PRODUCTS_DIR)/karma.app/$(BUNDLE_EXECUTABLE_FOLDER_PATH)/karma";
			};
			name = Debug;
		};
		1BD8C26C293E5D6300F1B32A /* Release */ = {
			isa = XCBuildConfiguration;
			buildSettings = {
				ALWAYS_EMBED_SWIFT_STANDARD_LIBRARIES = YES;
				BUNDLE_LOADER = "$(TEST_HOST)";
				CODE_SIGN_STYLE = Automatic;
				CURRENT_PROJECT_VERSION = 1;
				GENERATE_INFOPLIST_FILE = YES;
				IPHONEOS_DEPLOYMENT_TARGET = 16.1;
				MARKETING_VERSION = 1.0;
				PRODUCT_BUNDLE_IDENTIFIER = dima.karmaTests;
				PRODUCT_NAME = "$(TARGET_NAME)";
				SWIFT_EMIT_LOC_STRINGS = NO;
				SWIFT_VERSION = 5.0;
				TARGETED_DEVICE_FAMILY = "1,2";
				TEST_HOST = "$(BUILT_PRODUCTS_DIR)/karma.app/$(BUNDLE_EXECUTABLE_FOLDER_PATH)/karma";
			};
			name = Release;
		};
		1BD8C26E293E5D6300F1B32A /* Debug */ = {
			isa = XCBuildConfiguration;
			buildSettings = {
				ALWAYS_EMBED_SWIFT_STANDARD_LIBRARIES = YES;
				CODE_SIGN_STYLE = Automatic;
				CURRENT_PROJECT_VERSION = 1;
				GENERATE_INFOPLIST_FILE = YES;
				MARKETING_VERSION = 1.0;
				PRODUCT_BUNDLE_IDENTIFIER = dima.karmaUITests;
				PRODUCT_NAME = "$(TARGET_NAME)";
				SWIFT_EMIT_LOC_STRINGS = NO;
				SWIFT_VERSION = 5.0;
				TARGETED_DEVICE_FAMILY = "1,2";
				TEST_TARGET_NAME = karma;
			};
			name = Debug;
		};
		1BD8C26F293E5D6300F1B32A /* Release */ = {
			isa = XCBuildConfiguration;
			buildSettings = {
				ALWAYS_EMBED_SWIFT_STANDARD_LIBRARIES = YES;
				CODE_SIGN_STYLE = Automatic;
				CURRENT_PROJECT_VERSION = 1;
				GENERATE_INFOPLIST_FILE = YES;
				MARKETING_VERSION = 1.0;
				PRODUCT_BUNDLE_IDENTIFIER = dima.karmaUITests;
				PRODUCT_NAME = "$(TARGET_NAME)";
				SWIFT_EMIT_LOC_STRINGS = NO;
				SWIFT_VERSION = 5.0;
				TARGETED_DEVICE_FAMILY = "1,2";
				TEST_TARGET_NAME = karma;
			};
			name = Release;
		};
/* End XCBuildConfiguration section */

/* Begin XCConfigurationList section */
		1BD8C23E293E5D6100F1B32A /* Build configuration list for PBXProject "karma" */ = {
			isa = XCConfigurationList;
			buildConfigurations = (
				1BD8C265293E5D6300F1B32A /* Debug */,
				1BD8C266293E5D6300F1B32A /* Release */,
			);
			defaultConfigurationIsVisible = 0;
			defaultConfigurationName = Release;
		};
		1BD8C267293E5D6300F1B32A /* Build configuration list for PBXNativeTarget "karma" */ = {
			isa = XCConfigurationList;
			buildConfigurations = (
				1BD8C268293E5D6300F1B32A /* Debug */,
				1BD8C269293E5D6300F1B32A /* Release */,
			);
			defaultConfigurationIsVisible = 0;
			defaultConfigurationName = Release;
		};
		1BD8C26A293E5D6300F1B32A /* Build configuration list for PBXNativeTarget "karmaTests" */ = {
			isa = XCConfigurationList;
			buildConfigurations = (
				1BD8C26B293E5D6300F1B32A /* Debug */,
				1BD8C26C293E5D6300F1B32A /* Release */,
			);
			defaultConfigurationIsVisible = 0;
			defaultConfigurationName = Release;
		};
		1BD8C26D293E5D6300F1B32A /* Build configuration list for PBXNativeTarget "karmaUITests" */ = {
			isa = XCConfigurationList;
			buildConfigurations = (
				1BD8C26E293E5D6300F1B32A /* Debug */,
				1BD8C26F293E5D6300F1B32A /* Release */,
			);
			defaultConfigurationIsVisible = 0;
			defaultConfigurationName = Release;
		};
/* End XCConfigurationList section */

/* Begin XCRemoteSwiftPackageReference section */
		E3521601293F51B20074B787 /* XCRemoteSwiftPackageReference "firebase-ios-sdk" */ = {
			isa = XCRemoteSwiftPackageReference;
			repositoryURL = "https://github.com/firebase/firebase-ios-sdk";
			requirement = {
				branch = master;
				kind = branch;
			};
		};
/* End XCRemoteSwiftPackageReference section */

/* Begin XCSwiftPackageProductDependency section */
		E3521602293F51B30074B787 /* FirebaseAuth */ = {
			isa = XCSwiftPackageProductDependency;
			package = E3521601293F51B20074B787 /* XCRemoteSwiftPackageReference "firebase-ios-sdk" */;
			productName = FirebaseAuth;
		};
		E3521604293F51B30074B787 /* FirebaseFirestore */ = {
			isa = XCSwiftPackageProductDependency;
			package = E3521601293F51B20074B787 /* XCRemoteSwiftPackageReference "firebase-ios-sdk" */;
			productName = FirebaseFirestore;
		};
		E3521606293F51B30074B787 /* FirebaseFirestoreSwift */ = {
			isa = XCSwiftPackageProductDependency;
			package = E3521601293F51B20074B787 /* XCRemoteSwiftPackageReference "firebase-ios-sdk" */;
			productName = FirebaseFirestoreSwift;
		};
		E3521608293F51B30074B787 /* FirebaseStorage */ = {
			isa = XCSwiftPackageProductDependency;
			package = E3521601293F51B20074B787 /* XCRemoteSwiftPackageReference "firebase-ios-sdk" */;
			productName = FirebaseStorage;
		};
/* End XCSwiftPackageProductDependency section */
	};
	rootObject = 1BD8C23B293E5D6100F1B32A /* Project object */;
}
